// !$*UTF8*$!
{
	archiveVersion = 1;
	classes = {
	};
	objectVersion = 50;
	objects = {

/* Begin PBXBuildFile section */
		0E59B719250CF6D500DF7162 /* TransctionSectionHeaderView.xib in Resources */ = {isa = PBXBuildFile; fileRef = 0E59B717250CF6D500DF7162 /* TransctionSectionHeaderView.xib */; };
		0E59B71A250CF6D500DF7162 /* TransctionSectionHeaderView.swift in Sources */ = {isa = PBXBuildFile; fileRef = 0E59B718250CF6D500DF7162 /* TransctionSectionHeaderView.swift */; };
		0E5B1DD9250C246500A6A724 /* AppDelegate.swift in Sources */ = {isa = PBXBuildFile; fileRef = 0E5B1DD8250C246500A6A724 /* AppDelegate.swift */; };
		0E5B1DDD250C246500A6A724 /* AccountDetailsViewController.swift in Sources */ = {isa = PBXBuildFile; fileRef = 0E5B1DDC250C246500A6A724 /* AccountDetailsViewController.swift */; };
		0E5B1DE0250C246500A6A724 /* Main.storyboard in Resources */ = {isa = PBXBuildFile; fileRef = 0E5B1DDE250C246500A6A724 /* Main.storyboard */; };
		0E5B1DE2250C246600A6A724 /* Assets.xcassets in Resources */ = {isa = PBXBuildFile; fileRef = 0E5B1DE1250C246600A6A724 /* Assets.xcassets */; };
		0E5B1DE5250C246600A6A724 /* LaunchScreen.storyboard in Resources */ = {isa = PBXBuildFile; fileRef = 0E5B1DE3250C246600A6A724 /* LaunchScreen.storyboard */; };
		0E5B1DF0250C246700A6A724 /* MyBankTests.swift in Sources */ = {isa = PBXBuildFile; fileRef = 0E5B1DEF250C246700A6A724 /* MyBankTests.swift */; };
		0E5B1DFF250C2AB100A6A724 /* account_data.json in Resources */ = {isa = PBXBuildFile; fileRef = 0E5B1DFE250C2AB100A6A724 /* account_data.json */; };
		0E5B1E03250C2B4B00A6A724 /* Theme.swift in Sources */ = {isa = PBXBuildFile; fileRef = 0E5B1E02250C2B4B00A6A724 /* Theme.swift */; };
		0E5B1E06250C307600A6A724 /* LocalizationKeys.swift in Sources */ = {isa = PBXBuildFile; fileRef = 0E5B1E05250C307600A6A724 /* LocalizationKeys.swift */; };
		0E5B1E08250C30AA00A6A724 /* MyBank+StringKeys.swift in Sources */ = {isa = PBXBuildFile; fileRef = 0E5B1E07250C30AA00A6A724 /* MyBank+StringKeys.swift */; };
		0E5B1E0A250C31D000A6A724 /* MyBank.strings in Resources */ = {isa = PBXBuildFile; fileRef = 0E5B1E09250C31D000A6A724 /* MyBank.strings */; };
		0E5B1E0C250C32A900A6A724 /* UIAccessibility+Helpers.swift in Sources */ = {isa = PBXBuildFile; fileRef = 0E5B1E0B250C32A900A6A724 /* UIAccessibility+Helpers.swift */; };
		0E5B1E0E250C330000A6A724 /* AccessibilityIdentifiers.swift in Sources */ = {isa = PBXBuildFile; fileRef = 0E5B1E0D250C330000A6A724 /* AccessibilityIdentifiers.swift */; };
		0E5B1E11250C38AF00A6A724 /* ServicesProvider.swift in Sources */ = {isa = PBXBuildFile; fileRef = 0E5B1E10250C38AF00A6A724 /* ServicesProvider.swift */; };
		0E5B1E13250C392200A6A724 /* NetworkServiceType.swift in Sources */ = {isa = PBXBuildFile; fileRef = 0E5B1E12250C392200A6A724 /* NetworkServiceType.swift */; };
		0E5B1E15250C39A200A6A724 /* Resource.swift in Sources */ = {isa = PBXBuildFile; fileRef = 0E5B1E14250C39A200A6A724 /* Resource.swift */; };
		0E5B1E17250C3A0700A6A724 /* ApiConstants.swift in Sources */ = {isa = PBXBuildFile; fileRef = 0E5B1E16250C3A0700A6A724 /* ApiConstants.swift */; };
		0E5B1E19250C3B2400A6A724 /* NetworkService.swift in Sources */ = {isa = PBXBuildFile; fileRef = 0E5B1E18250C3B2400A6A724 /* NetworkService.swift */; };
		0E5B1E1C250C3B8600A6A724 /* Publisher+Extensions.swift in Sources */ = {isa = PBXBuildFile; fileRef = 0E5B1E1B250C3B8600A6A724 /* Publisher+Extensions.swift */; };
		0E5B1E1E250C3C1B00A6A724 /* Scheduler.swift in Sources */ = {isa = PBXBuildFile; fileRef = 0E5B1E1D250C3C1B00A6A724 /* Scheduler.swift */; };
		0E5B1E22250C3FBE00A6A724 /* Resource+AccountDetailsResponse.swift in Sources */ = {isa = PBXBuildFile; fileRef = 0E5B1E21250C3FBE00A6A724 /* Resource+AccountDetailsResponse.swift */; };
		0E5B1E24250C416300A6A724 /* AccountDetailsResponse+Models.swift in Sources */ = {isa = PBXBuildFile; fileRef = 0E5B1E23250C416300A6A724 /* AccountDetailsResponse+Models.swift */; };
		0E5B1E26250C55DB00A6A724 /* DateFormatter+Helpers.swift in Sources */ = {isa = PBXBuildFile; fileRef = 0E5B1E25250C55DB00A6A724 /* DateFormatter+Helpers.swift */; };
		0E5B1E2B250C62D900A6A724 /* TransactionCell.swift in Sources */ = {isa = PBXBuildFile; fileRef = 0E5B1E29250C62D900A6A724 /* TransactionCell.swift */; };
		0E5B1E2C250C62D900A6A724 /* TransactionCell.xib in Resources */ = {isa = PBXBuildFile; fileRef = 0E5B1E2A250C62D900A6A724 /* TransactionCell.xib */; };
		0E5B1E2F250C6A9200A6A724 /* TransactionPresentationItem.swift in Sources */ = {isa = PBXBuildFile; fileRef = 0E5B1E2E250C6A9200A6A724 /* TransactionPresentationItem.swift */; };
		0E5B1E31250C6BF600A6A724 /* UITableView+Common.swift in Sources */ = {isa = PBXBuildFile; fileRef = 0E5B1E30250C6BF600A6A724 /* UITableView+Common.swift */; };
		0E5B1E3A250CA99700A6A724 /* AccountDetailsHeaderCell.swift in Sources */ = {isa = PBXBuildFile; fileRef = 0E5B1E38250CA99700A6A724 /* AccountDetailsHeaderCell.swift */; };
		0E5B1E3B250CA99700A6A724 /* AccountDetailsHeaderCell.xib in Resources */ = {isa = PBXBuildFile; fileRef = 0E5B1E39250CA99700A6A724 /* AccountDetailsHeaderCell.xib */; };
		0E5B1E3D250CB94500A6A724 /* DataSource.swift in Sources */ = {isa = PBXBuildFile; fileRef = 0E5B1E3C250CB94500A6A724 /* DataSource.swift */; };
		0E5B1E3F250CB96C00A6A724 /* DataSection.swift in Sources */ = {isa = PBXBuildFile; fileRef = 0E5B1E3E250CB96C00A6A724 /* DataSection.swift */; };
		0E5B1E42250CBEEB00A6A724 /* AccountDetailsPresenting.swift in Sources */ = {isa = PBXBuildFile; fileRef = 0E5B1E41250CBEEB00A6A724 /* AccountDetailsPresenting.swift */; };
		0E5B1E45250CBF8500A6A724 /* TransactionListTransformer.swift in Sources */ = {isa = PBXBuildFile; fileRef = 0E5B1E44250CBF8500A6A724 /* TransactionListTransformer.swift */; };
		0E5B1E47250CC03100A6A724 /* DataTransforming.swift in Sources */ = {isa = PBXBuildFile; fileRef = 0E5B1E46250CC03100A6A724 /* DataTransforming.swift */; };
		0E5B1E49250CC2B000A6A724 /* AccountDetailsPresentationItem.swift in Sources */ = {isa = PBXBuildFile; fileRef = 0E5B1E48250CC2B000A6A724 /* AccountDetailsPresentationItem.swift */; };
/* End PBXBuildFile section */

/* Begin PBXContainerItemProxy section */
		0E5B1DEC250C246700A6A724 /* PBXContainerItemProxy */ = {
			isa = PBXContainerItemProxy;
			containerPortal = 0E5B1DCD250C246500A6A724 /* Project object */;
			proxyType = 1;
			remoteGlobalIDString = 0E5B1DD4250C246500A6A724;
			remoteInfo = MyBank;
		};
/* End PBXContainerItemProxy section */

/* Begin PBXFileReference section */
		0E59B717250CF6D500DF7162 /* TransctionSectionHeaderView.xib */ = {isa = PBXFileReference; fileEncoding = 4; lastKnownFileType = file.xib; path = TransctionSectionHeaderView.xib; sourceTree = "<group>"; };
		0E59B718250CF6D500DF7162 /* TransctionSectionHeaderView.swift */ = {isa = PBXFileReference; fileEncoding = 4; lastKnownFileType = sourcecode.swift; path = TransctionSectionHeaderView.swift; sourceTree = "<group>"; };
		0E5B1DD5250C246500A6A724 /* MyBank.app */ = {isa = PBXFileReference; explicitFileType = wrapper.application; includeInIndex = 0; path = MyBank.app; sourceTree = BUILT_PRODUCTS_DIR; };
		0E5B1DD8250C246500A6A724 /* AppDelegate.swift */ = {isa = PBXFileReference; lastKnownFileType = sourcecode.swift; path = AppDelegate.swift; sourceTree = "<group>"; };
		0E5B1DDC250C246500A6A724 /* AccountDetailsViewController.swift */ = {isa = PBXFileReference; lastKnownFileType = sourcecode.swift; path = AccountDetailsViewController.swift; sourceTree = "<group>"; };
		0E5B1DDF250C246500A6A724 /* Base */ = {isa = PBXFileReference; lastKnownFileType = file.storyboard; name = Base; path = Base.lproj/Main.storyboard; sourceTree = "<group>"; };
		0E5B1DE1250C246600A6A724 /* Assets.xcassets */ = {isa = PBXFileReference; lastKnownFileType = folder.assetcatalog; path = Assets.xcassets; sourceTree = "<group>"; };
		0E5B1DE4250C246600A6A724 /* Base */ = {isa = PBXFileReference; lastKnownFileType = file.storyboard; name = Base; path = Base.lproj/LaunchScreen.storyboard; sourceTree = "<group>"; };
		0E5B1DE6250C246600A6A724 /* Info.plist */ = {isa = PBXFileReference; lastKnownFileType = text.plist.xml; path = Info.plist; sourceTree = "<group>"; };
		0E5B1DEB250C246700A6A724 /* MyBankTests.xctest */ = {isa = PBXFileReference; explicitFileType = wrapper.cfbundle; includeInIndex = 0; path = MyBankTests.xctest; sourceTree = BUILT_PRODUCTS_DIR; };
		0E5B1DEF250C246700A6A724 /* MyBankTests.swift */ = {isa = PBXFileReference; lastKnownFileType = sourcecode.swift; path = MyBankTests.swift; sourceTree = "<group>"; };
		0E5B1DF1250C246700A6A724 /* Info.plist */ = {isa = PBXFileReference; lastKnownFileType = text.plist.xml; path = Info.plist; sourceTree = "<group>"; };
		0E5B1DFE250C2AB100A6A724 /* account_data.json */ = {isa = PBXFileReference; fileEncoding = 4; lastKnownFileType = text.json; path = account_data.json; sourceTree = "<group>"; };
		0E5B1E02250C2B4B00A6A724 /* Theme.swift */ = {isa = PBXFileReference; lastKnownFileType = sourcecode.swift; path = Theme.swift; sourceTree = "<group>"; };
		0E5B1E05250C307600A6A724 /* LocalizationKeys.swift */ = {isa = PBXFileReference; lastKnownFileType = sourcecode.swift; path = LocalizationKeys.swift; sourceTree = "<group>"; };
		0E5B1E07250C30AA00A6A724 /* MyBank+StringKeys.swift */ = {isa = PBXFileReference; lastKnownFileType = sourcecode.swift; path = "MyBank+StringKeys.swift"; sourceTree = "<group>"; };
		0E5B1E09250C31D000A6A724 /* MyBank.strings */ = {isa = PBXFileReference; lastKnownFileType = text.plist.strings; path = MyBank.strings; sourceTree = "<group>"; };
		0E5B1E0B250C32A900A6A724 /* UIAccessibility+Helpers.swift */ = {isa = PBXFileReference; lastKnownFileType = sourcecode.swift; path = "UIAccessibility+Helpers.swift"; sourceTree = "<group>"; };
		0E5B1E0D250C330000A6A724 /* AccessibilityIdentifiers.swift */ = {isa = PBXFileReference; lastKnownFileType = sourcecode.swift; path = AccessibilityIdentifiers.swift; sourceTree = "<group>"; };
		0E5B1E10250C38AF00A6A724 /* ServicesProvider.swift */ = {isa = PBXFileReference; lastKnownFileType = sourcecode.swift; path = ServicesProvider.swift; sourceTree = "<group>"; };
		0E5B1E12250C392200A6A724 /* NetworkServiceType.swift */ = {isa = PBXFileReference; lastKnownFileType = sourcecode.swift; path = NetworkServiceType.swift; sourceTree = "<group>"; };
		0E5B1E14250C39A200A6A724 /* Resource.swift */ = {isa = PBXFileReference; lastKnownFileType = sourcecode.swift; path = Resource.swift; sourceTree = "<group>"; };
		0E5B1E16250C3A0700A6A724 /* ApiConstants.swift */ = {isa = PBXFileReference; lastKnownFileType = sourcecode.swift; path = ApiConstants.swift; sourceTree = "<group>"; };
		0E5B1E18250C3B2400A6A724 /* NetworkService.swift */ = {isa = PBXFileReference; lastKnownFileType = sourcecode.swift; path = NetworkService.swift; sourceTree = "<group>"; };
		0E5B1E1B250C3B8600A6A724 /* Publisher+Extensions.swift */ = {isa = PBXFileReference; lastKnownFileType = sourcecode.swift; path = "Publisher+Extensions.swift"; sourceTree = "<group>"; };
		0E5B1E1D250C3C1B00A6A724 /* Scheduler.swift */ = {isa = PBXFileReference; lastKnownFileType = sourcecode.swift; path = Scheduler.swift; sourceTree = "<group>"; };
		0E5B1E21250C3FBE00A6A724 /* Resource+AccountDetailsResponse.swift */ = {isa = PBXFileReference; lastKnownFileType = sourcecode.swift; path = "Resource+AccountDetailsResponse.swift"; sourceTree = "<group>"; };
		0E5B1E23250C416300A6A724 /* AccountDetailsResponse+Models.swift */ = {isa = PBXFileReference; lastKnownFileType = sourcecode.swift; path = "AccountDetailsResponse+Models.swift"; sourceTree = "<group>"; };
		0E5B1E25250C55DB00A6A724 /* DateFormatter+Helpers.swift */ = {isa = PBXFileReference; lastKnownFileType = sourcecode.swift; path = "DateFormatter+Helpers.swift"; sourceTree = "<group>"; };
		0E5B1E29250C62D900A6A724 /* TransactionCell.swift */ = {isa = PBXFileReference; lastKnownFileType = sourcecode.swift; path = TransactionCell.swift; sourceTree = "<group>"; };
		0E5B1E2A250C62D900A6A724 /* TransactionCell.xib */ = {isa = PBXFileReference; lastKnownFileType = file.xib; path = TransactionCell.xib; sourceTree = "<group>"; };
		0E5B1E2E250C6A9200A6A724 /* TransactionPresentationItem.swift */ = {isa = PBXFileReference; lastKnownFileType = sourcecode.swift; path = TransactionPresentationItem.swift; sourceTree = "<group>"; };
		0E5B1E30250C6BF600A6A724 /* UITableView+Common.swift */ = {isa = PBXFileReference; lastKnownFileType = sourcecode.swift; path = "UITableView+Common.swift"; sourceTree = "<group>"; };
		0E5B1E38250CA99700A6A724 /* AccountDetailsHeaderCell.swift */ = {isa = PBXFileReference; lastKnownFileType = sourcecode.swift; path = AccountDetailsHeaderCell.swift; sourceTree = "<group>"; };
		0E5B1E39250CA99700A6A724 /* AccountDetailsHeaderCell.xib */ = {isa = PBXFileReference; lastKnownFileType = file.xib; path = AccountDetailsHeaderCell.xib; sourceTree = "<group>"; };
		0E5B1E3C250CB94500A6A724 /* DataSource.swift */ = {isa = PBXFileReference; lastKnownFileType = sourcecode.swift; path = DataSource.swift; sourceTree = "<group>"; };
		0E5B1E3E250CB96C00A6A724 /* DataSection.swift */ = {isa = PBXFileReference; lastKnownFileType = sourcecode.swift; path = DataSection.swift; sourceTree = "<group>"; };
		0E5B1E41250CBEEB00A6A724 /* AccountDetailsPresenting.swift */ = {isa = PBXFileReference; lastKnownFileType = sourcecode.swift; path = AccountDetailsPresenting.swift; sourceTree = "<group>"; };
		0E5B1E44250CBF8500A6A724 /* TransactionListTransformer.swift */ = {isa = PBXFileReference; lastKnownFileType = sourcecode.swift; path = TransactionListTransformer.swift; sourceTree = "<group>"; };
		0E5B1E46250CC03100A6A724 /* DataTransforming.swift */ = {isa = PBXFileReference; lastKnownFileType = sourcecode.swift; path = DataTransforming.swift; sourceTree = "<group>"; };
		0E5B1E48250CC2B000A6A724 /* AccountDetailsPresentationItem.swift */ = {isa = PBXFileReference; lastKnownFileType = sourcecode.swift; path = AccountDetailsPresentationItem.swift; sourceTree = "<group>"; };
/* End PBXFileReference section */

/* Begin PBXFrameworksBuildPhase section */
		0E5B1DD2250C246500A6A724 /* Frameworks */ = {
			isa = PBXFrameworksBuildPhase;
			buildActionMask = 2147483647;
			files = (
			);
			runOnlyForDeploymentPostprocessing = 0;
		};
		0E5B1DE8250C246700A6A724 /* Frameworks */ = {
			isa = PBXFrameworksBuildPhase;
			buildActionMask = 2147483647;
			files = (
			);
			runOnlyForDeploymentPostprocessing = 0;
		};
/* End PBXFrameworksBuildPhase section */

/* Begin PBXGroup section */
		0E5B1DCC250C246500A6A724 = {
			isa = PBXGroup;
			children = (
				0E5B1DD7250C246500A6A724 /* MyBank */,
				0E5B1DEE250C246700A6A724 /* MyBankTests */,
				0E5B1DD6250C246500A6A724 /* Products */,
			);
			sourceTree = "<group>";
		};
		0E5B1DD6250C246500A6A724 /* Products */ = {
			isa = PBXGroup;
			children = (
				0E5B1DD5250C246500A6A724 /* MyBank.app */,
				0E5B1DEB250C246700A6A724 /* MyBankTests.xctest */,
			);
			name = Products;
			sourceTree = "<group>";
		};
		0E5B1DD7250C246500A6A724 /* MyBank */ = {
			isa = PBXGroup;
			children = (
				0E5B1DFA250C29F000A6A724 /* PresentationLayer */,
				0E5B1DFB250C2A0200A6A724 /* DomainLayer */,
				0E5B1DFC250C2A0B00A6A724 /* DataLayer */,
				0E5B1E1A250C3B6D00A6A724 /* Support+Utils */,
				0E5B1DE6250C246600A6A724 /* Info.plist */,
			);
			path = MyBank;
			sourceTree = "<group>";
		};
		0E5B1DEE250C246700A6A724 /* MyBankTests */ = {
			isa = PBXGroup;
			children = (
				0E5B1DEF250C246700A6A724 /* MyBankTests.swift */,
				0E5B1DF1250C246700A6A724 /* Info.plist */,
			);
			path = MyBankTests;
			sourceTree = "<group>";
		};
		0E5B1DFA250C29F000A6A724 /* PresentationLayer */ = {
			isa = PBXGroup;
			children = (
				0E5B1DD8250C246500A6A724 /* AppDelegate.swift */,
				0E5B1DDE250C246500A6A724 /* Main.storyboard */,
				0E5B1DE3250C246600A6A724 /* LaunchScreen.storyboard */,
				0E5B1E27250C610700A6A724 /* Scenes */,
				0E5B1E00250C2B3800A6A724 /* Shared */,
				0E5B1DE1250C246600A6A724 /* Assets.xcassets */,
			);
			path = PresentationLayer;
			sourceTree = "<group>";
		};
		0E5B1DFB250C2A0200A6A724 /* DomainLayer */ = {
			isa = PBXGroup;
			children = (
			);
			path = DomainLayer;
			sourceTree = "<group>";
		};
		0E5B1DFC250C2A0B00A6A724 /* DataLayer */ = {
			isa = PBXGroup;
			children = (
				0E5B1E20250C3FA100A6A724 /* Entities */,
				0E5B1E16250C3A0700A6A724 /* ApiConstants.swift */,
				0E5B1E10250C38AF00A6A724 /* ServicesProvider.swift */,
				0E5B1E1F250C3C4B00A6A724 /* Network */,
			);
			path = DataLayer;
			sourceTree = "<group>";
		};
		0E5B1DFD250C2A9B00A6A724 /* ResoureFiles */ = {
			isa = PBXGroup;
			children = (
				0E5B1DFE250C2AB100A6A724 /* account_data.json */,
			);
			path = ResoureFiles;
			sourceTree = "<group>";
		};
		0E5B1E00250C2B3800A6A724 /* Shared */ = {
			isa = PBXGroup;
			children = (
				0E5B1E01250C2B3E00A6A724 /* Theme */,
				0E5B1E04250C305E00A6A724 /* Localization */,
				0E5B1E0F250C33E300A6A724 /* Accessibility */,
				0E5B1E30250C6BF600A6A724 /* UITableView+Common.swift */,
				0E5B1E40250CB9F300A6A724 /* ListDataSource */,
				0E5B1E46250CC03100A6A724 /* DataTransforming.swift */,
			);
			path = Shared;
			sourceTree = "<group>";
		};
		0E5B1E01250C2B3E00A6A724 /* Theme */ = {
			isa = PBXGroup;
			children = (
				0E5B1E02250C2B4B00A6A724 /* Theme.swift */,
			);
			path = Theme;
			sourceTree = "<group>";
		};
		0E5B1E04250C305E00A6A724 /* Localization */ = {
			isa = PBXGroup;
			children = (
				0E5B1E05250C307600A6A724 /* LocalizationKeys.swift */,
				0E5B1E07250C30AA00A6A724 /* MyBank+StringKeys.swift */,
				0E5B1E09250C31D000A6A724 /* MyBank.strings */,
			);
			path = Localization;
			sourceTree = "<group>";
		};
		0E5B1E0F250C33E300A6A724 /* Accessibility */ = {
			isa = PBXGroup;
			children = (
				0E5B1E0B250C32A900A6A724 /* UIAccessibility+Helpers.swift */,
				0E5B1E0D250C330000A6A724 /* AccessibilityIdentifiers.swift */,
			);
			path = Accessibility;
			sourceTree = "<group>";
		};
		0E5B1E1A250C3B6D00A6A724 /* Support+Utils */ = {
			isa = PBXGroup;
			children = (
				0E5B1E25250C55DB00A6A724 /* DateFormatter+Helpers.swift */,
				0E5B1E1B250C3B8600A6A724 /* Publisher+Extensions.swift */,
				0E5B1E1D250C3C1B00A6A724 /* Scheduler.swift */,
				0E5B1DFD250C2A9B00A6A724 /* ResoureFiles */,
			);
			path = "Support+Utils";
			sourceTree = "<group>";
		};
		0E5B1E1F250C3C4B00A6A724 /* Network */ = {
			isa = PBXGroup;
			children = (
				0E5B1E12250C392200A6A724 /* NetworkServiceType.swift */,
				0E5B1E14250C39A200A6A724 /* Resource.swift */,
				0E5B1E18250C3B2400A6A724 /* NetworkService.swift */,
			);
			path = Network;
			sourceTree = "<group>";
		};
		0E5B1E20250C3FA100A6A724 /* Entities */ = {
			isa = PBXGroup;
			children = (
				0E5B1E21250C3FBE00A6A724 /* Resource+AccountDetailsResponse.swift */,
				0E5B1E23250C416300A6A724 /* AccountDetailsResponse+Models.swift */,
			);
			path = Entities;
			sourceTree = "<group>";
		};
		0E5B1E27250C610700A6A724 /* Scenes */ = {
			isa = PBXGroup;
			children = (
				0E5B1E28250C611000A6A724 /* AccountDetails */,
			);
			path = Scenes;
			sourceTree = "<group>";
		};
		0E5B1E28250C611000A6A724 /* AccountDetails */ = {
			isa = PBXGroup;
			children = (
				0E5B1E4A250CC2C500A6A724 /* PresentationItems */,
				0E5B1E43250CBF7200A6A724 /* Transformer */,
				0E5B1E2D250C633800A6A724 /* UIComponents */,
				0E5B1DDC250C246500A6A724 /* AccountDetailsViewController.swift */,
				0E5B1E41250CBEEB00A6A724 /* AccountDetailsPresenting.swift */,
			);
			path = AccountDetails;
			sourceTree = "<group>";
		};
		0E5B1E2D250C633800A6A724 /* UIComponents */ = {
			isa = PBXGroup;
			children = (
				0E59B718250CF6D500DF7162 /* TransctionSectionHeaderView.swift */,
				0E59B717250CF6D500DF7162 /* TransctionSectionHeaderView.xib */,
				0E5B1E29250C62D900A6A724 /* TransactionCell.swift */,
				0E5B1E2A250C62D900A6A724 /* TransactionCell.xib */,
				0E5B1E38250CA99700A6A724 /* AccountDetailsHeaderCell.swift */,
				0E5B1E39250CA99700A6A724 /* AccountDetailsHeaderCell.xib */,
			);
			path = UIComponents;
			sourceTree = "<group>";
		};
		0E5B1E40250CB9F300A6A724 /* ListDataSource */ = {
			isa = PBXGroup;
			children = (
				0E5B1E3C250CB94500A6A724 /* DataSource.swift */,
				0E5B1E3E250CB96C00A6A724 /* DataSection.swift */,
			);
			path = ListDataSource;
			sourceTree = "<group>";
		};
		0E5B1E43250CBF7200A6A724 /* Transformer */ = {
			isa = PBXGroup;
			children = (
				0E5B1E44250CBF8500A6A724 /* TransactionListTransformer.swift */,
			);
			path = Transformer;
			sourceTree = "<group>";
		};
		0E5B1E4A250CC2C500A6A724 /* PresentationItems */ = {
			isa = PBXGroup;
			children = (
				0E5B1E48250CC2B000A6A724 /* AccountDetailsPresentationItem.swift */,
				0E5B1E2E250C6A9200A6A724 /* TransactionPresentationItem.swift */,
			);
			path = PresentationItems;
			sourceTree = "<group>";
		};
/* End PBXGroup section */

/* Begin PBXNativeTarget section */
		0E5B1DD4250C246500A6A724 /* MyBank */ = {
			isa = PBXNativeTarget;
			buildConfigurationList = 0E5B1DF4250C246700A6A724 /* Build configuration list for PBXNativeTarget "MyBank" */;
			buildPhases = (
				0E5B1DD1250C246500A6A724 /* Sources */,
				0E5B1DD2250C246500A6A724 /* Frameworks */,
				0E5B1DD3250C246500A6A724 /* Resources */,
			);
			buildRules = (
			);
			dependencies = (
			);
			name = MyBank;
			productName = MyBank;
			productReference = 0E5B1DD5250C246500A6A724 /* MyBank.app */;
			productType = "com.apple.product-type.application";
		};
		0E5B1DEA250C246700A6A724 /* MyBankTests */ = {
			isa = PBXNativeTarget;
			buildConfigurationList = 0E5B1DF7250C246700A6A724 /* Build configuration list for PBXNativeTarget "MyBankTests" */;
			buildPhases = (
				0E5B1DE7250C246700A6A724 /* Sources */,
				0E5B1DE8250C246700A6A724 /* Frameworks */,
				0E5B1DE9250C246700A6A724 /* Resources */,
			);
			buildRules = (
			);
			dependencies = (
				0E5B1DED250C246700A6A724 /* PBXTargetDependency */,
			);
			name = MyBankTests;
			productName = MyBankTests;
			productReference = 0E5B1DEB250C246700A6A724 /* MyBankTests.xctest */;
			productType = "com.apple.product-type.bundle.unit-test";
		};
/* End PBXNativeTarget section */

/* Begin PBXProject section */
		0E5B1DCD250C246500A6A724 /* Project object */ = {
			isa = PBXProject;
			attributes = {
				LastSwiftUpdateCheck = 1170;
				LastUpgradeCheck = 1170;
				ORGANIZATIONNAME = "Arinjoy Biswas";
				TargetAttributes = {
					0E5B1DD4250C246500A6A724 = {
						CreatedOnToolsVersion = 11.7;
					};
					0E5B1DEA250C246700A6A724 = {
						CreatedOnToolsVersion = 11.7;
						TestTargetID = 0E5B1DD4250C246500A6A724;
					};
				};
			};
			buildConfigurationList = 0E5B1DD0250C246500A6A724 /* Build configuration list for PBXProject "MyBank" */;
			compatibilityVersion = "Xcode 9.3";
			developmentRegion = en;
			hasScannedForEncodings = 0;
			knownRegions = (
				en,
				Base,
			);
			mainGroup = 0E5B1DCC250C246500A6A724;
			productRefGroup = 0E5B1DD6250C246500A6A724 /* Products */;
			projectDirPath = "";
			projectRoot = "";
			targets = (
				0E5B1DD4250C246500A6A724 /* MyBank */,
				0E5B1DEA250C246700A6A724 /* MyBankTests */,
			);
		};
/* End PBXProject section */

/* Begin PBXResourcesBuildPhase section */
		0E5B1DD3250C246500A6A724 /* Resources */ = {
			isa = PBXResourcesBuildPhase;
			buildActionMask = 2147483647;
			files = (
				0E5B1DE5250C246600A6A724 /* LaunchScreen.storyboard in Resources */,
				0E59B719250CF6D500DF7162 /* TransctionSectionHeaderView.xib in Resources */,
				0E5B1E0A250C31D000A6A724 /* MyBank.strings in Resources */,
				0E5B1E2C250C62D900A6A724 /* TransactionCell.xib in Resources */,
				0E5B1DFF250C2AB100A6A724 /* account_data.json in Resources */,
				0E5B1DE2250C246600A6A724 /* Assets.xcassets in Resources */,
				0E5B1E3B250CA99700A6A724 /* AccountDetailsHeaderCell.xib in Resources */,
				0E5B1DE0250C246500A6A724 /* Main.storyboard in Resources */,
			);
			runOnlyForDeploymentPostprocessing = 0;
		};
		0E5B1DE9250C246700A6A724 /* Resources */ = {
			isa = PBXResourcesBuildPhase;
			buildActionMask = 2147483647;
			files = (
			);
			runOnlyForDeploymentPostprocessing = 0;
		};
/* End PBXResourcesBuildPhase section */

/* Begin PBXSourcesBuildPhase section */
		0E5B1DD1250C246500A6A724 /* Sources */ = {
			isa = PBXSourcesBuildPhase;
			buildActionMask = 2147483647;
			files = (
				0E5B1E26250C55DB00A6A724 /* DateFormatter+Helpers.swift in Sources */,
				0E5B1E17250C3A0700A6A724 /* ApiConstants.swift in Sources */,
				0E5B1E1E250C3C1B00A6A724 /* Scheduler.swift in Sources */,
				0E5B1E24250C416300A6A724 /* AccountDetailsResponse+Models.swift in Sources */,
				0E5B1E3A250CA99700A6A724 /* AccountDetailsHeaderCell.swift in Sources */,
				0E59B71A250CF6D500DF7162 /* TransctionSectionHeaderView.swift in Sources */,
				0E5B1E3F250CB96C00A6A724 /* DataSection.swift in Sources */,
				0E5B1E13250C392200A6A724 /* NetworkServiceType.swift in Sources */,
				0E5B1E11250C38AF00A6A724 /* ServicesProvider.swift in Sources */,
				0E5B1E03250C2B4B00A6A724 /* Theme.swift in Sources */,
				0E5B1E49250CC2B000A6A724 /* AccountDetailsPresentationItem.swift in Sources */,
				0E5B1E15250C39A200A6A724 /* Resource.swift in Sources */,
				0E5B1E31250C6BF600A6A724 /* UITableView+Common.swift in Sources */,
				0E5B1E42250CBEEB00A6A724 /* AccountDetailsPresenting.swift in Sources */,
				0E5B1E1C250C3B8600A6A724 /* Publisher+Extensions.swift in Sources */,
				0E5B1E08250C30AA00A6A724 /* MyBank+StringKeys.swift in Sources */,
				0E5B1DDD250C246500A6A724 /* AccountDetailsViewController.swift in Sources */,
				0E5B1E22250C3FBE00A6A724 /* Resource+AccountDetailsResponse.swift in Sources */,
				0E5B1E06250C307600A6A724 /* LocalizationKeys.swift in Sources */,
				0E5B1E47250CC03100A6A724 /* DataTransforming.swift in Sources */,
				0E5B1E0E250C330000A6A724 /* AccessibilityIdentifiers.swift in Sources */,
				0E5B1E2B250C62D900A6A724 /* TransactionCell.swift in Sources */,
				0E5B1E0C250C32A900A6A724 /* UIAccessibility+Helpers.swift in Sources */,
				0E5B1E45250CBF8500A6A724 /* TransactionListTransformer.swift in Sources */,
				0E5B1E19250C3B2400A6A724 /* NetworkService.swift in Sources */,
				0E5B1DD9250C246500A6A724 /* AppDelegate.swift in Sources */,
				0E5B1E3D250CB94500A6A724 /* DataSource.swift in Sources */,
				0E5B1E2F250C6A9200A6A724 /* TransactionPresentationItem.swift in Sources */,
			);
			runOnlyForDeploymentPostprocessing = 0;
		};
		0E5B1DE7250C246700A6A724 /* Sources */ = {
			isa = PBXSourcesBuildPhase;
			buildActionMask = 2147483647;
			files = (
				0E5B1DF0250C246700A6A724 /* MyBankTests.swift in Sources */,
			);
			runOnlyForDeploymentPostprocessing = 0;
		};
/* End PBXSourcesBuildPhase section */

/* Begin PBXTargetDependency section */
		0E5B1DED250C246700A6A724 /* PBXTargetDependency */ = {
			isa = PBXTargetDependency;
			target = 0E5B1DD4250C246500A6A724 /* MyBank */;
			targetProxy = 0E5B1DEC250C246700A6A724 /* PBXContainerItemProxy */;
		};
/* End PBXTargetDependency section */

/* Begin PBXVariantGroup section */
		0E5B1DDE250C246500A6A724 /* Main.storyboard */ = {
			isa = PBXVariantGroup;
			children = (
				0E5B1DDF250C246500A6A724 /* Base */,
			);
			name = Main.storyboard;
			sourceTree = "<group>";
		};
		0E5B1DE3250C246600A6A724 /* LaunchScreen.storyboard */ = {
			isa = PBXVariantGroup;
			children = (
				0E5B1DE4250C246600A6A724 /* Base */,
			);
			name = LaunchScreen.storyboard;
			sourceTree = "<group>";
		};
/* End PBXVariantGroup section */

/* Begin XCBuildConfiguration section */
		0E5B1DF2250C246700A6A724 /* Debug */ = {
			isa = XCBuildConfiguration;
			buildSettings = {
				ALWAYS_SEARCH_USER_PATHS = NO;
				CLANG_ANALYZER_NONNULL = YES;
				CLANG_ANALYZER_NUMBER_OBJECT_CONVERSION = YES_AGGRESSIVE;
				CLANG_CXX_LANGUAGE_STANDARD = "gnu++14";
				CLANG_CXX_LIBRARY = "libc++";
				CLANG_ENABLE_MODULES = YES;
				CLANG_ENABLE_OBJC_ARC = YES;
				CLANG_ENABLE_OBJC_WEAK = YES;
				CLANG_WARN_BLOCK_CAPTURE_AUTORELEASING = YES;
				CLANG_WARN_BOOL_CONVERSION = YES;
				CLANG_WARN_COMMA = YES;
				CLANG_WARN_CONSTANT_CONVERSION = YES;
				CLANG_WARN_DEPRECATED_OBJC_IMPLEMENTATIONS = YES;
				CLANG_WARN_DIRECT_OBJC_ISA_USAGE = YES_ERROR;
				CLANG_WARN_DOCUMENTATION_COMMENTS = YES;
				CLANG_WARN_EMPTY_BODY = YES;
				CLANG_WARN_ENUM_CONVERSION = YES;
				CLANG_WARN_INFINITE_RECURSION = YES;
				CLANG_WARN_INT_CONVERSION = YES;
				CLANG_WARN_NON_LITERAL_NULL_CONVERSION = YES;
				CLANG_WARN_OBJC_IMPLICIT_RETAIN_SELF = YES;
				CLANG_WARN_OBJC_LITERAL_CONVERSION = YES;
				CLANG_WARN_OBJC_ROOT_CLASS = YES_ERROR;
				CLANG_WARN_RANGE_LOOP_ANALYSIS = YES;
				CLANG_WARN_STRICT_PROTOTYPES = YES;
				CLANG_WARN_SUSPICIOUS_MOVE = YES;
				CLANG_WARN_UNGUARDED_AVAILABILITY = YES_AGGRESSIVE;
				CLANG_WARN_UNREACHABLE_CODE = YES;
				CLANG_WARN__DUPLICATE_METHOD_MATCH = YES;
				COPY_PHASE_STRIP = NO;
				DEBUG_INFORMATION_FORMAT = dwarf;
				ENABLE_STRICT_OBJC_MSGSEND = YES;
				ENABLE_TESTABILITY = YES;
				GCC_C_LANGUAGE_STANDARD = gnu11;
				GCC_DYNAMIC_NO_PIC = NO;
				GCC_NO_COMMON_BLOCKS = YES;
				GCC_OPTIMIZATION_LEVEL = 0;
				GCC_PREPROCESSOR_DEFINITIONS = (
					"DEBUG=1",
					"$(inherited)",
				);
				GCC_WARN_64_TO_32_BIT_CONVERSION = YES;
				GCC_WARN_ABOUT_RETURN_TYPE = YES_ERROR;
				GCC_WARN_UNDECLARED_SELECTOR = YES;
				GCC_WARN_UNINITIALIZED_AUTOS = YES_AGGRESSIVE;
				GCC_WARN_UNUSED_FUNCTION = YES;
				GCC_WARN_UNUSED_VARIABLE = YES;
				IPHONEOS_DEPLOYMENT_TARGET = 13.7;
				MTL_ENABLE_DEBUG_INFO = INCLUDE_SOURCE;
				MTL_FAST_MATH = YES;
				ONLY_ACTIVE_ARCH = YES;
				SDKROOT = iphoneos;
				SWIFT_ACTIVE_COMPILATION_CONDITIONS = DEBUG;
				SWIFT_OPTIMIZATION_LEVEL = "-Onone";
			};
			name = Debug;
		};
		0E5B1DF3250C246700A6A724 /* Release */ = {
			isa = XCBuildConfiguration;
			buildSettings = {
				ALWAYS_SEARCH_USER_PATHS = NO;
				CLANG_ANALYZER_NONNULL = YES;
				CLANG_ANALYZER_NUMBER_OBJECT_CONVERSION = YES_AGGRESSIVE;
				CLANG_CXX_LANGUAGE_STANDARD = "gnu++14";
				CLANG_CXX_LIBRARY = "libc++";
				CLANG_ENABLE_MODULES = YES;
				CLANG_ENABLE_OBJC_ARC = YES;
				CLANG_ENABLE_OBJC_WEAK = YES;
				CLANG_WARN_BLOCK_CAPTURE_AUTORELEASING = YES;
				CLANG_WARN_BOOL_CONVERSION = YES;
				CLANG_WARN_COMMA = YES;
				CLANG_WARN_CONSTANT_CONVERSION = YES;
				CLANG_WARN_DEPRECATED_OBJC_IMPLEMENTATIONS = YES;
				CLANG_WARN_DIRECT_OBJC_ISA_USAGE = YES_ERROR;
				CLANG_WARN_DOCUMENTATION_COMMENTS = YES;
				CLANG_WARN_EMPTY_BODY = YES;
				CLANG_WARN_ENUM_CONVERSION = YES;
				CLANG_WARN_INFINITE_RECURSION = YES;
				CLANG_WARN_INT_CONVERSION = YES;
				CLANG_WARN_NON_LITERAL_NULL_CONVERSION = YES;
				CLANG_WARN_OBJC_IMPLICIT_RETAIN_SELF = YES;
				CLANG_WARN_OBJC_LITERAL_CONVERSION = YES;
				CLANG_WARN_OBJC_ROOT_CLASS = YES_ERROR;
				CLANG_WARN_RANGE_LOOP_ANALYSIS = YES;
				CLANG_WARN_STRICT_PROTOTYPES = YES;
				CLANG_WARN_SUSPICIOUS_MOVE = YES;
				CLANG_WARN_UNGUARDED_AVAILABILITY = YES_AGGRESSIVE;
				CLANG_WARN_UNREACHABLE_CODE = YES;
				CLANG_WARN__DUPLICATE_METHOD_MATCH = YES;
				COPY_PHASE_STRIP = NO;
				DEBUG_INFORMATION_FORMAT = "dwarf-with-dsym";
				ENABLE_NS_ASSERTIONS = NO;
				ENABLE_STRICT_OBJC_MSGSEND = YES;
				GCC_C_LANGUAGE_STANDARD = gnu11;
				GCC_NO_COMMON_BLOCKS = YES;
				GCC_WARN_64_TO_32_BIT_CONVERSION = YES;
				GCC_WARN_ABOUT_RETURN_TYPE = YES_ERROR;
				GCC_WARN_UNDECLARED_SELECTOR = YES;
				GCC_WARN_UNINITIALIZED_AUTOS = YES_AGGRESSIVE;
				GCC_WARN_UNUSED_FUNCTION = YES;
				GCC_WARN_UNUSED_VARIABLE = YES;
				IPHONEOS_DEPLOYMENT_TARGET = 13.7;
				MTL_ENABLE_DEBUG_INFO = NO;
				MTL_FAST_MATH = YES;
				SDKROOT = iphoneos;
				SWIFT_COMPILATION_MODE = wholemodule;
				SWIFT_OPTIMIZATION_LEVEL = "-O";
				VALIDATE_PRODUCT = YES;
			};
			name = Release;
		};
		0E5B1DF5250C246700A6A724 /* Debug */ = {
			isa = XCBuildConfiguration;
			buildSettings = {
				ASSETCATALOG_COMPILER_APPICON_NAME = AppIcon;
				CODE_SIGN_STYLE = Automatic;
				DEVELOPMENT_TEAM = 9D2CDZVV47;
				INFOPLIST_FILE = MyBank/Info.plist;
				LD_RUNPATH_SEARCH_PATHS = (
					"$(inherited)",
					"@executable_path/Frameworks",
				);
				PRODUCT_BUNDLE_IDENTIFIER = com.app.arinappy.MyBank;
				PRODUCT_NAME = "$(TARGET_NAME)";
				SWIFT_VERSION = 5.0;
				TARGETED_DEVICE_FAMILY = "1,2";
			};
			name = Debug;
		};
		0E5B1DF6250C246700A6A724 /* Release */ = {
			isa = XCBuildConfiguration;
			buildSettings = {
				ASSETCATALOG_COMPILER_APPICON_NAME = AppIcon;
				CODE_SIGN_STYLE = Automatic;
				DEVELOPMENT_TEAM = 9D2CDZVV47;
				INFOPLIST_FILE = MyBank/Info.plist;
				LD_RUNPATH_SEARCH_PATHS = (
					"$(inherited)",
					"@executable_path/Frameworks",
				);
				PRODUCT_BUNDLE_IDENTIFIER = com.app.arinappy.MyBank;
				PRODUCT_NAME = "$(TARGET_NAME)";
				SWIFT_VERSION = 5.0;
				TARGETED_DEVICE_FAMILY = "1,2";
			};
			name = Release;
		};
		0E5B1DF8250C246700A6A724 /* Debug */ = {
			isa = XCBuildConfiguration;
			buildSettings = {
				ALWAYS_EMBED_SWIFT_STANDARD_LIBRARIES = YES;
				BUNDLE_LOADER = "$(TEST_HOST)";
				CODE_SIGN_STYLE = Automatic;
				DEVELOPMENT_TEAM = 9D2CDZVV47;
				INFOPLIST_FILE = MyBankTests/Info.plist;
				IPHONEOS_DEPLOYMENT_TARGET = 13.7;
				LD_RUNPATH_SEARCH_PATHS = (
					"$(inherited)",
					"@executable_path/Frameworks",
					"@loader_path/Frameworks",
				);
				PRODUCT_BUNDLE_IDENTIFIER = com.app.arinappy.MyBankTests;
				PRODUCT_NAME = "$(TARGET_NAME)";
				SWIFT_VERSION = 5.0;
				TARGETED_DEVICE_FAMILY = "1,2";
				TEST_HOST = "$(BUILT_PRODUCTS_DIR)/MyBank.app/MyBank";
			};
			name = Debug;
		};
		0E5B1DF9250C246700A6A724 /* Release */ = {
			isa = XCBuildConfiguration;
			buildSettings = {
				ALWAYS_EMBED_SWIFT_STANDARD_LIBRARIES = YES;
				BUNDLE_LOADER = "$(TEST_HOST)";
				CODE_SIGN_STYLE = Automatic;
				DEVELOPMENT_TEAM = 9D2CDZVV47;
				INFOPLIST_FILE = MyBankTests/Info.plist;
				IPHONEOS_DEPLOYMENT_TARGET = 13.7;
				LD_RUNPATH_SEARCH_PATHS = (
					"$(inherited)",
					"@executable_path/Frameworks",
					"@loader_path/Frameworks",
				);
				PRODUCT_BUNDLE_IDENTIFIER = com.app.arinappy.MyBankTests;
				PRODUCT_NAME = "$(TARGET_NAME)";
				SWIFT_VERSION = 5.0;
				TARGETED_DEVICE_FAMILY = "1,2";
				TEST_HOST = "$(BUILT_PRODUCTS_DIR)/MyBank.app/MyBank";
			};
			name = Release;
		};
/* End XCBuildConfiguration section */

/* Begin XCConfigurationList section */
		0E5B1DD0250C246500A6A724 /* Build configuration list for PBXProject "MyBank" */ = {
			isa = XCConfigurationList;
			buildConfigurations = (
				0E5B1DF2250C246700A6A724 /* Debug */,
				0E5B1DF3250C246700A6A724 /* Release */,
			);
			defaultConfigurationIsVisible = 0;
			defaultConfigurationName = Release;
		};
		0E5B1DF4250C246700A6A724 /* Build configuration list for PBXNativeTarget "MyBank" */ = {
			isa = XCConfigurationList;
			buildConfigurations = (
				0E5B1DF5250C246700A6A724 /* Debug */,
				0E5B1DF6250C246700A6A724 /* Release */,
			);
			defaultConfigurationIsVisible = 0;
			defaultConfigurationName = Release;
		};
		0E5B1DF7250C246700A6A724 /* Build configuration list for PBXNativeTarget "MyBankTests" */ = {
			isa = XCConfigurationList;
			buildConfigurations = (
				0E5B1DF8250C246700A6A724 /* Debug */,
				0E5B1DF9250C246700A6A724 /* Release */,
			);
			defaultConfigurationIsVisible = 0;
			defaultConfigurationName = Release;
		};
/* End XCConfigurationList section */
	};
	rootObject = 0E5B1DCD250C246500A6A724 /* Project object */;
}
