// !$*UTF8*$!
{
	archiveVersion = 1;
	classes = {
	};
	objectVersion = 52;
	objects = {

/* Begin PBXBuildFile section */
		0E1E37D725B1347E00CE7BE5 /* Icon.swift in Sources */ = {isa = PBXBuildFile; fileRef = 0E1E37D625B1347E00CE7BE5 /* Icon.swift */; };
		0E59B719250CF6D500DF7162 /* TransctionSectionHeaderView.xib in Resources */ = {isa = PBXBuildFile; fileRef = 0E59B717250CF6D500DF7162 /* TransctionSectionHeaderView.xib */; };
		0E59B71A250CF6D500DF7162 /* TransctionSectionHeaderView.swift in Sources */ = {isa = PBXBuildFile; fileRef = 0E59B718250CF6D500DF7162 /* TransctionSectionHeaderView.swift */; };
		0E59B71D250CFF6300DF7162 /* AccountDetailsInteractor.swift in Sources */ = {isa = PBXBuildFile; fileRef = 0E59B71C250CFF6300DF7162 /* AccountDetailsInteractor.swift */; };
		0E59B720250D01CB00DF7162 /* DomainModels.swift in Sources */ = {isa = PBXBuildFile; fileRef = 0E59B71F250D01CB00DF7162 /* DomainModels.swift */; };
		0E5B1DD9250C246500A6A724 /* AppDelegate.swift in Sources */ = {isa = PBXBuildFile; fileRef = 0E5B1DD8250C246500A6A724 /* AppDelegate.swift */; };
		0E5B1DDD250C246500A6A724 /* AccountDetailsViewController.swift in Sources */ = {isa = PBXBuildFile; fileRef = 0E5B1DDC250C246500A6A724 /* AccountDetailsViewController.swift */; };
		0E5B1DE0250C246500A6A724 /* Main.storyboard in Resources */ = {isa = PBXBuildFile; fileRef = 0E5B1DDE250C246500A6A724 /* Main.storyboard */; };
		0E5B1DE2250C246600A6A724 /* Assets.xcassets in Resources */ = {isa = PBXBuildFile; fileRef = 0E5B1DE1250C246600A6A724 /* Assets.xcassets */; };
		0E5B1DE5250C246600A6A724 /* LaunchScreen.storyboard in Resources */ = {isa = PBXBuildFile; fileRef = 0E5B1DE3250C246600A6A724 /* LaunchScreen.storyboard */; };
		0E5B1E03250C2B4B00A6A724 /* Theme.swift in Sources */ = {isa = PBXBuildFile; fileRef = 0E5B1E02250C2B4B00A6A724 /* Theme.swift */; };
		0E5B1E06250C307600A6A724 /* LocalizationKeys.swift in Sources */ = {isa = PBXBuildFile; fileRef = 0E5B1E05250C307600A6A724 /* LocalizationKeys.swift */; };
		0E5B1E08250C30AA00A6A724 /* MyBank+StringKeys.swift in Sources */ = {isa = PBXBuildFile; fileRef = 0E5B1E07250C30AA00A6A724 /* MyBank+StringKeys.swift */; };
		0E5B1E0A250C31D000A6A724 /* MyBank.strings in Resources */ = {isa = PBXBuildFile; fileRef = 0E5B1E09250C31D000A6A724 /* MyBank.strings */; };
		0E5B1E0C250C32A900A6A724 /* UIAccessibility+Helpers.swift in Sources */ = {isa = PBXBuildFile; fileRef = 0E5B1E0B250C32A900A6A724 /* UIAccessibility+Helpers.swift */; };
		0E5B1E0E250C330000A6A724 /* AccessibilityIdentifiers.swift in Sources */ = {isa = PBXBuildFile; fileRef = 0E5B1E0D250C330000A6A724 /* AccessibilityIdentifiers.swift */; };
		0E5B1E11250C38AF00A6A724 /* ServicesProvider.swift in Sources */ = {isa = PBXBuildFile; fileRef = 0E5B1E10250C38AF00A6A724 /* ServicesProvider.swift */; };
		0E5B1E13250C392200A6A724 /* NetworkServiceType.swift in Sources */ = {isa = PBXBuildFile; fileRef = 0E5B1E12250C392200A6A724 /* NetworkServiceType.swift */; };
		0E5B1E15250C39A200A6A724 /* Resource.swift in Sources */ = {isa = PBXBuildFile; fileRef = 0E5B1E14250C39A200A6A724 /* Resource.swift */; };
		0E5B1E17250C3A0700A6A724 /* ApiConstants.swift in Sources */ = {isa = PBXBuildFile; fileRef = 0E5B1E16250C3A0700A6A724 /* ApiConstants.swift */; };
		0E5B1E19250C3B2400A6A724 /* NetworkService.swift in Sources */ = {isa = PBXBuildFile; fileRef = 0E5B1E18250C3B2400A6A724 /* NetworkService.swift */; };
		0E5B1E1C250C3B8600A6A724 /* Publisher+Extensions.swift in Sources */ = {isa = PBXBuildFile; fileRef = 0E5B1E1B250C3B8600A6A724 /* Publisher+Extensions.swift */; };
		0E5B1E1E250C3C1B00A6A724 /* Scheduler.swift in Sources */ = {isa = PBXBuildFile; fileRef = 0E5B1E1D250C3C1B00A6A724 /* Scheduler.swift */; };
		0E5B1E22250C3FBE00A6A724 /* Resource+AccountDetailsResponse.swift in Sources */ = {isa = PBXBuildFile; fileRef = 0E5B1E21250C3FBE00A6A724 /* Resource+AccountDetailsResponse.swift */; };
		0E5B1E24250C416300A6A724 /* AccountDetailsResponse+Models.swift in Sources */ = {isa = PBXBuildFile; fileRef = 0E5B1E23250C416300A6A724 /* AccountDetailsResponse+Models.swift */; };
		0E5B1E26250C55DB00A6A724 /* DateFormatter+Helpers.swift in Sources */ = {isa = PBXBuildFile; fileRef = 0E5B1E25250C55DB00A6A724 /* DateFormatter+Helpers.swift */; };
		0E5B1E2B250C62D900A6A724 /* TransactionCell.swift in Sources */ = {isa = PBXBuildFile; fileRef = 0E5B1E29250C62D900A6A724 /* TransactionCell.swift */; };
		0E5B1E2C250C62D900A6A724 /* TransactionCell.xib in Resources */ = {isa = PBXBuildFile; fileRef = 0E5B1E2A250C62D900A6A724 /* TransactionCell.xib */; };
		0E5B1E2F250C6A9200A6A724 /* TransactionPresentationItem.swift in Sources */ = {isa = PBXBuildFile; fileRef = 0E5B1E2E250C6A9200A6A724 /* TransactionPresentationItem.swift */; };
		0E5B1E31250C6BF600A6A724 /* UITableView+Common.swift in Sources */ = {isa = PBXBuildFile; fileRef = 0E5B1E30250C6BF600A6A724 /* UITableView+Common.swift */; };
		0E5B1E42250CBEEB00A6A724 /* AccountDetailsPresenter.swift in Sources */ = {isa = PBXBuildFile; fileRef = 0E5B1E41250CBEEB00A6A724 /* AccountDetailsPresenter.swift */; };
		0E5B1E45250CBF8500A6A724 /* TransactionListTransformer.swift in Sources */ = {isa = PBXBuildFile; fileRef = 0E5B1E44250CBF8500A6A724 /* TransactionListTransformer.swift */; };
		0E5B1E47250CC03100A6A724 /* DataTransforming.swift in Sources */ = {isa = PBXBuildFile; fileRef = 0E5B1E46250CC03100A6A724 /* DataTransforming.swift */; };
		0E5B1E49250CC2B000A6A724 /* AccountDetailsPresentationItem.swift in Sources */ = {isa = PBXBuildFile; fileRef = 0E5B1E48250CC2B000A6A724 /* AccountDetailsPresentationItem.swift */; };
		0E998D50250F3E4000E20395 /* TestHelper.swift in Sources */ = {isa = PBXBuildFile; fileRef = 0E998D4F250F3E4000E20395 /* TestHelper.swift */; };
		0E998D53250F4B4000E20395 /* TransactionListTransformerSpec.swift in Sources */ = {isa = PBXBuildFile; fileRef = 0E998D52250F4B4000E20395 /* TransactionListTransformerSpec.swift */; };
		0E998D55250F55A500E20395 /* AccountDetailsTransformerSpec.swift in Sources */ = {isa = PBXBuildFile; fileRef = 0E998D54250F55A500E20395 /* AccountDetailsTransformerSpec.swift */; };
		0E998D57250F5B4500E20395 /* AccountDetailsPresenter+TestDoubles.swift in Sources */ = {isa = PBXBuildFile; fileRef = 0E998D56250F5B4500E20395 /* AccountDetailsPresenter+TestDoubles.swift */; };
		0E998D59250F5B5A00E20395 /* AccountDetailsPresenterSpec.swift in Sources */ = {isa = PBXBuildFile; fileRef = 0E998D58250F5B5A00E20395 /* AccountDetailsPresenterSpec.swift */; };
		0E998D62250F72E800E20395 /* MyBankUITests.swift in Sources */ = {isa = PBXBuildFile; fileRef = 0E998D61250F72E800E20395 /* MyBankUITests.swift */; };
		0EA6D937250D9CDB0086DCB7 /* AccountDetailsDisplay.swift in Sources */ = {isa = PBXBuildFile; fileRef = 0EA6D936250D9CDB0086DCB7 /* AccountDetailsDisplay.swift */; };
		0EA6D939250DA99C0086DCB7 /* TransactionSectionHeaderPresentationItem.swift in Sources */ = {isa = PBXBuildFile; fileRef = 0EA6D938250DA99C0086DCB7 /* TransactionSectionHeaderPresentationItem.swift */; };
		0EA6D93B250DA9CF0086DCB7 /* GroupedTransactionsSection.swift in Sources */ = {isa = PBXBuildFile; fileRef = 0EA6D93A250DA9CF0086DCB7 /* GroupedTransactionsSection.swift */; };
		0EA6D93E250DB3D80086DCB7 /* NumberFormatter+Helpers.swift in Sources */ = {isa = PBXBuildFile; fileRef = 0EA6D93D250DB3D80086DCB7 /* NumberFormatter+Helpers.swift */; };
		0EA6D941250DCDF40086DCB7 /* LocalStubbedDataService.swift in Sources */ = {isa = PBXBuildFile; fileRef = 0EA6D940250DCDF40086DCB7 /* LocalStubbedDataService.swift */; };
		0EA6D943250DDC470086DCB7 /* account_data.json in Resources */ = {isa = PBXBuildFile; fileRef = 0EA6D942250DDC470086DCB7 /* account_data.json */; };
		0EA6D945250DE4F40086DCB7 /* AccountDetailsHeaderView.swift in Sources */ = {isa = PBXBuildFile; fileRef = 0EA6D944250DE4F40086DCB7 /* AccountDetailsHeaderView.swift */; };
		0EA6D947250DE57D0086DCB7 /* AccountDetailsHeaderView.xib in Resources */ = {isa = PBXBuildFile; fileRef = 0EA6D946250DE57D0086DCB7 /* AccountDetailsHeaderView.xib */; };
		0EA6D94C250E3C610086DCB7 /* AccountDetailsTransformer.swift in Sources */ = {isa = PBXBuildFile; fileRef = 0EA6D94B250E3C610086DCB7 /* AccountDetailsTransformer.swift */; };
		0EA6D94F250E53DF0086DCB7 /* MapView.swift in Sources */ = {isa = PBXBuildFile; fileRef = 0EA6D94E250E53DF0086DCB7 /* MapView.swift */; };
		0EA6D995250EDD1E0086DCB7 /* ATMMapContentView.swift in Sources */ = {isa = PBXBuildFile; fileRef = 0EA6D994250EDD1E0086DCB7 /* ATMMapContentView.swift */; };
		0EA6D997250EE7DD0086DCB7 /* AccountDetailsRouter.swift in Sources */ = {isa = PBXBuildFile; fileRef = 0EA6D996250EE7DD0086DCB7 /* AccountDetailsRouter.swift */; };
		0EA6D99A250EF3150086DCB7 /* Quick in Frameworks */ = {isa = PBXBuildFile; productRef = 0EA6D999250EF3150086DCB7 /* Quick */; };
		0EA6D99D250EF3530086DCB7 /* Nimble in Frameworks */ = {isa = PBXBuildFile; productRef = 0EA6D99C250EF3530086DCB7 /* Nimble */; };
		0EA6D9A1250EF48C0086DCB7 /* AccountDetails+DataMapingSpec.swift in Sources */ = {isa = PBXBuildFile; fileRef = 0EA6D9A0250EF48C0086DCB7 /* AccountDetails+DataMapingSpec.swift */; };
		0EA6D9A3250EFC080086DCB7 /* Bundle+JSONForResource.swift in Sources */ = {isa = PBXBuildFile; fileRef = 0EA6D9A2250EFC080086DCB7 /* Bundle+JSONForResource.swift */; };
		0EA6D9A7250EFC750086DCB7 /* account_details_full.json in Resources */ = {isa = PBXBuildFile; fileRef = 0EA6D9A6250EFC750086DCB7 /* account_details_full.json */; };
		0EA6D9AB250F06620086DCB7 /* incorrect_account_data.json in Resources */ = {isa = PBXBuildFile; fileRef = 0EA6D9AA250F06620086DCB7 /* incorrect_account_data.json */; };
		0EA6D9AD250F08A70086DCB7 /* NetworkServiceType+TestDoubles.swift in Sources */ = {isa = PBXBuildFile; fileRef = 0EA6D9AC250F08A70086DCB7 /* NetworkServiceType+TestDoubles.swift */; };
		0EA6D9B0250F0B6B0086DCB7 /* AccountDetailsNetworkServiceSpec.swift in Sources */ = {isa = PBXBuildFile; fileRef = 0EA6D9AF250F0B6B0086DCB7 /* AccountDetailsNetworkServiceSpec.swift */; };
		0EA6D9B3250F35700086DCB7 /* AccountDetailsInteractorSpec.swift in Sources */ = {isa = PBXBuildFile; fileRef = 0EA6D9B2250F35700086DCB7 /* AccountDetailsInteractorSpec.swift */; };
/* End PBXBuildFile section */

/* Begin PBXContainerItemProxy section */
		0E5B1DEC250C246700A6A724 /* PBXContainerItemProxy */ = {
			isa = PBXContainerItemProxy;
			containerPortal = 0E5B1DCD250C246500A6A724 /* Project object */;
			proxyType = 1;
			remoteGlobalIDString = 0E5B1DD4250C246500A6A724;
			remoteInfo = MyBank;
		};
		0E998D64250F72E900E20395 /* PBXContainerItemProxy */ = {
			isa = PBXContainerItemProxy;
			containerPortal = 0E5B1DCD250C246500A6A724 /* Project object */;
			proxyType = 1;
			remoteGlobalIDString = 0E5B1DD4250C246500A6A724;
			remoteInfo = MyBank;
		};
/* End PBXContainerItemProxy section */

/* Begin PBXFileReference section */
		0E1E37D625B1347E00CE7BE5 /* Icon.swift */ = {isa = PBXFileReference; lastKnownFileType = sourcecode.swift; path = Icon.swift; sourceTree = "<group>"; };
		0E59B717250CF6D500DF7162 /* TransctionSectionHeaderView.xib */ = {isa = PBXFileReference; fileEncoding = 4; lastKnownFileType = file.xib; path = TransctionSectionHeaderView.xib; sourceTree = "<group>"; };
		0E59B718250CF6D500DF7162 /* TransctionSectionHeaderView.swift */ = {isa = PBXFileReference; fileEncoding = 4; lastKnownFileType = sourcecode.swift; path = TransctionSectionHeaderView.swift; sourceTree = "<group>"; };
		0E59B71C250CFF6300DF7162 /* AccountDetailsInteractor.swift */ = {isa = PBXFileReference; lastKnownFileType = sourcecode.swift; path = AccountDetailsInteractor.swift; sourceTree = "<group>"; };
		0E59B71F250D01CB00DF7162 /* DomainModels.swift */ = {isa = PBXFileReference; lastKnownFileType = sourcecode.swift; path = DomainModels.swift; sourceTree = "<group>"; };
		0E5B1DD5250C246500A6A724 /* MyBank.app */ = {isa = PBXFileReference; explicitFileType = wrapper.application; includeInIndex = 0; path = MyBank.app; sourceTree = BUILT_PRODUCTS_DIR; };
		0E5B1DD8250C246500A6A724 /* AppDelegate.swift */ = {isa = PBXFileReference; lastKnownFileType = sourcecode.swift; path = AppDelegate.swift; sourceTree = "<group>"; };
		0E5B1DDC250C246500A6A724 /* AccountDetailsViewController.swift */ = {isa = PBXFileReference; lastKnownFileType = sourcecode.swift; path = AccountDetailsViewController.swift; sourceTree = "<group>"; };
		0E5B1DDF250C246500A6A724 /* Base */ = {isa = PBXFileReference; lastKnownFileType = file.storyboard; name = Base; path = Base.lproj/Main.storyboard; sourceTree = "<group>"; };
		0E5B1DE1250C246600A6A724 /* Assets.xcassets */ = {isa = PBXFileReference; lastKnownFileType = folder.assetcatalog; path = Assets.xcassets; sourceTree = "<group>"; };
		0E5B1DE4250C246600A6A724 /* Base */ = {isa = PBXFileReference; lastKnownFileType = file.storyboard; name = Base; path = Base.lproj/LaunchScreen.storyboard; sourceTree = "<group>"; };
		0E5B1DE6250C246600A6A724 /* Info.plist */ = {isa = PBXFileReference; lastKnownFileType = text.plist.xml; path = Info.plist; sourceTree = "<group>"; };
		0E5B1DEB250C246700A6A724 /* MyBankTests.xctest */ = {isa = PBXFileReference; explicitFileType = wrapper.cfbundle; includeInIndex = 0; path = MyBankTests.xctest; sourceTree = BUILT_PRODUCTS_DIR; };
		0E5B1DF1250C246700A6A724 /* Info.plist */ = {isa = PBXFileReference; lastKnownFileType = text.plist.xml; path = Info.plist; sourceTree = "<group>"; };
		0E5B1E02250C2B4B00A6A724 /* Theme.swift */ = {isa = PBXFileReference; lastKnownFileType = sourcecode.swift; path = Theme.swift; sourceTree = "<group>"; };
		0E5B1E05250C307600A6A724 /* LocalizationKeys.swift */ = {isa = PBXFileReference; lastKnownFileType = sourcecode.swift; path = LocalizationKeys.swift; sourceTree = "<group>"; };
		0E5B1E07250C30AA00A6A724 /* MyBank+StringKeys.swift */ = {isa = PBXFileReference; lastKnownFileType = sourcecode.swift; path = "MyBank+StringKeys.swift"; sourceTree = "<group>"; };
		0E5B1E09250C31D000A6A724 /* MyBank.strings */ = {isa = PBXFileReference; lastKnownFileType = text.plist.strings; path = MyBank.strings; sourceTree = "<group>"; };
		0E5B1E0B250C32A900A6A724 /* UIAccessibility+Helpers.swift */ = {isa = PBXFileReference; lastKnownFileType = sourcecode.swift; path = "UIAccessibility+Helpers.swift"; sourceTree = "<group>"; };
		0E5B1E0D250C330000A6A724 /* AccessibilityIdentifiers.swift */ = {isa = PBXFileReference; lastKnownFileType = sourcecode.swift; path = AccessibilityIdentifiers.swift; sourceTree = "<group>"; };
		0E5B1E10250C38AF00A6A724 /* ServicesProvider.swift */ = {isa = PBXFileReference; lastKnownFileType = sourcecode.swift; path = ServicesProvider.swift; sourceTree = "<group>"; };
		0E5B1E12250C392200A6A724 /* NetworkServiceType.swift */ = {isa = PBXFileReference; lastKnownFileType = sourcecode.swift; path = NetworkServiceType.swift; sourceTree = "<group>"; };
		0E5B1E14250C39A200A6A724 /* Resource.swift */ = {isa = PBXFileReference; lastKnownFileType = sourcecode.swift; path = Resource.swift; sourceTree = "<group>"; };
		0E5B1E16250C3A0700A6A724 /* ApiConstants.swift */ = {isa = PBXFileReference; lastKnownFileType = sourcecode.swift; path = ApiConstants.swift; sourceTree = "<group>"; };
		0E5B1E18250C3B2400A6A724 /* NetworkService.swift */ = {isa = PBXFileReference; lastKnownFileType = sourcecode.swift; path = NetworkService.swift; sourceTree = "<group>"; };
		0E5B1E1B250C3B8600A6A724 /* Publisher+Extensions.swift */ = {isa = PBXFileReference; lastKnownFileType = sourcecode.swift; path = "Publisher+Extensions.swift"; sourceTree = "<group>"; };
		0E5B1E1D250C3C1B00A6A724 /* Scheduler.swift */ = {isa = PBXFileReference; lastKnownFileType = sourcecode.swift; path = Scheduler.swift; sourceTree = "<group>"; };
		0E5B1E21250C3FBE00A6A724 /* Resource+AccountDetailsResponse.swift */ = {isa = PBXFileReference; lastKnownFileType = sourcecode.swift; path = "Resource+AccountDetailsResponse.swift"; sourceTree = "<group>"; };
		0E5B1E23250C416300A6A724 /* AccountDetailsResponse+Models.swift */ = {isa = PBXFileReference; lastKnownFileType = sourcecode.swift; path = "AccountDetailsResponse+Models.swift"; sourceTree = "<group>"; };
		0E5B1E25250C55DB00A6A724 /* DateFormatter+Helpers.swift */ = {isa = PBXFileReference; lastKnownFileType = sourcecode.swift; path = "DateFormatter+Helpers.swift"; sourceTree = "<group>"; };
		0E5B1E29250C62D900A6A724 /* TransactionCell.swift */ = {isa = PBXFileReference; lastKnownFileType = sourcecode.swift; path = TransactionCell.swift; sourceTree = "<group>"; };
		0E5B1E2A250C62D900A6A724 /* TransactionCell.xib */ = {isa = PBXFileReference; lastKnownFileType = file.xib; path = TransactionCell.xib; sourceTree = "<group>"; };
		0E5B1E2E250C6A9200A6A724 /* TransactionPresentationItem.swift */ = {isa = PBXFileReference; lastKnownFileType = sourcecode.swift; path = TransactionPresentationItem.swift; sourceTree = "<group>"; };
		0E5B1E30250C6BF600A6A724 /* UITableView+Common.swift */ = {isa = PBXFileReference; lastKnownFileType = sourcecode.swift; path = "UITableView+Common.swift"; sourceTree = "<group>"; };
		0E5B1E41250CBEEB00A6A724 /* AccountDetailsPresenter.swift */ = {isa = PBXFileReference; lastKnownFileType = sourcecode.swift; path = AccountDetailsPresenter.swift; sourceTree = "<group>"; };
		0E5B1E44250CBF8500A6A724 /* TransactionListTransformer.swift */ = {isa = PBXFileReference; lastKnownFileType = sourcecode.swift; path = TransactionListTransformer.swift; sourceTree = "<group>"; };
		0E5B1E46250CC03100A6A724 /* DataTransforming.swift */ = {isa = PBXFileReference; lastKnownFileType = sourcecode.swift; path = DataTransforming.swift; sourceTree = "<group>"; };
		0E5B1E48250CC2B000A6A724 /* AccountDetailsPresentationItem.swift */ = {isa = PBXFileReference; lastKnownFileType = sourcecode.swift; path = AccountDetailsPresentationItem.swift; sourceTree = "<group>"; };
		0E998D4F250F3E4000E20395 /* TestHelper.swift */ = {isa = PBXFileReference; lastKnownFileType = sourcecode.swift; path = TestHelper.swift; sourceTree = "<group>"; };
		0E998D52250F4B4000E20395 /* TransactionListTransformerSpec.swift */ = {isa = PBXFileReference; lastKnownFileType = sourcecode.swift; path = TransactionListTransformerSpec.swift; sourceTree = "<group>"; };
		0E998D54250F55A500E20395 /* AccountDetailsTransformerSpec.swift */ = {isa = PBXFileReference; lastKnownFileType = sourcecode.swift; path = AccountDetailsTransformerSpec.swift; sourceTree = "<group>"; };
		0E998D56250F5B4500E20395 /* AccountDetailsPresenter+TestDoubles.swift */ = {isa = PBXFileReference; lastKnownFileType = sourcecode.swift; path = "AccountDetailsPresenter+TestDoubles.swift"; sourceTree = "<group>"; };
		0E998D58250F5B5A00E20395 /* AccountDetailsPresenterSpec.swift */ = {isa = PBXFileReference; lastKnownFileType = sourcecode.swift; path = AccountDetailsPresenterSpec.swift; sourceTree = "<group>"; };
		0E998D5F250F72E800E20395 /* MyBankUITests.xctest */ = {isa = PBXFileReference; explicitFileType = wrapper.cfbundle; includeInIndex = 0; path = MyBankUITests.xctest; sourceTree = BUILT_PRODUCTS_DIR; };
		0E998D61250F72E800E20395 /* MyBankUITests.swift */ = {isa = PBXFileReference; lastKnownFileType = sourcecode.swift; path = MyBankUITests.swift; sourceTree = "<group>"; };
		0E998D63250F72E800E20395 /* Info.plist */ = {isa = PBXFileReference; lastKnownFileType = text.plist.xml; path = Info.plist; sourceTree = "<group>"; };
		0EA6D936250D9CDB0086DCB7 /* AccountDetailsDisplay.swift */ = {isa = PBXFileReference; lastKnownFileType = sourcecode.swift; path = AccountDetailsDisplay.swift; sourceTree = "<group>"; };
		0EA6D938250DA99C0086DCB7 /* TransactionSectionHeaderPresentationItem.swift */ = {isa = PBXFileReference; lastKnownFileType = sourcecode.swift; path = TransactionSectionHeaderPresentationItem.swift; sourceTree = "<group>"; };
		0EA6D93A250DA9CF0086DCB7 /* GroupedTransactionsSection.swift */ = {isa = PBXFileReference; lastKnownFileType = sourcecode.swift; path = GroupedTransactionsSection.swift; sourceTree = "<group>"; };
		0EA6D93D250DB3D80086DCB7 /* NumberFormatter+Helpers.swift */ = {isa = PBXFileReference; lastKnownFileType = sourcecode.swift; path = "NumberFormatter+Helpers.swift"; sourceTree = "<group>"; };
		0EA6D940250DCDF40086DCB7 /* LocalStubbedDataService.swift */ = {isa = PBXFileReference; lastKnownFileType = sourcecode.swift; path = LocalStubbedDataService.swift; sourceTree = "<group>"; };
		0EA6D942250DDC470086DCB7 /* account_data.json */ = {isa = PBXFileReference; lastKnownFileType = text.json; path = account_data.json; sourceTree = "<group>"; };
		0EA6D944250DE4F40086DCB7 /* AccountDetailsHeaderView.swift */ = {isa = PBXFileReference; lastKnownFileType = sourcecode.swift; path = AccountDetailsHeaderView.swift; sourceTree = "<group>"; };
		0EA6D946250DE57D0086DCB7 /* AccountDetailsHeaderView.xib */ = {isa = PBXFileReference; lastKnownFileType = file.xib; path = AccountDetailsHeaderView.xib; sourceTree = "<group>"; };
		0EA6D94B250E3C610086DCB7 /* AccountDetailsTransformer.swift */ = {isa = PBXFileReference; lastKnownFileType = sourcecode.swift; path = AccountDetailsTransformer.swift; sourceTree = "<group>"; };
		0EA6D94E250E53DF0086DCB7 /* MapView.swift */ = {isa = PBXFileReference; lastKnownFileType = sourcecode.swift; path = MapView.swift; sourceTree = "<group>"; };
		0EA6D994250EDD1E0086DCB7 /* ATMMapContentView.swift */ = {isa = PBXFileReference; lastKnownFileType = sourcecode.swift; path = ATMMapContentView.swift; sourceTree = "<group>"; };
		0EA6D996250EE7DD0086DCB7 /* AccountDetailsRouter.swift */ = {isa = PBXFileReference; lastKnownFileType = sourcecode.swift; path = AccountDetailsRouter.swift; sourceTree = "<group>"; };
		0EA6D99F250EF48C0086DCB7 /* MyBankTests-Bridging-Header.h */ = {isa = PBXFileReference; lastKnownFileType = sourcecode.c.h; path = "MyBankTests-Bridging-Header.h"; sourceTree = "<group>"; };
		0EA6D9A0250EF48C0086DCB7 /* AccountDetails+DataMapingSpec.swift */ = {isa = PBXFileReference; lastKnownFileType = sourcecode.swift; path = "AccountDetails+DataMapingSpec.swift"; sourceTree = "<group>"; };
		0EA6D9A2250EFC080086DCB7 /* Bundle+JSONForResource.swift */ = {isa = PBXFileReference; lastKnownFileType = sourcecode.swift; path = "Bundle+JSONForResource.swift"; sourceTree = "<group>"; };
		0EA6D9A6250EFC750086DCB7 /* account_details_full.json */ = {isa = PBXFileReference; lastKnownFileType = text.json; path = account_details_full.json; sourceTree = "<group>"; };
		0EA6D9AA250F06620086DCB7 /* incorrect_account_data.json */ = {isa = PBXFileReference; lastKnownFileType = text.json; path = incorrect_account_data.json; sourceTree = "<group>"; };
		0EA6D9AC250F08A70086DCB7 /* NetworkServiceType+TestDoubles.swift */ = {isa = PBXFileReference; lastKnownFileType = sourcecode.swift; path = "NetworkServiceType+TestDoubles.swift"; sourceTree = "<group>"; };
		0EA6D9AF250F0B6B0086DCB7 /* AccountDetailsNetworkServiceSpec.swift */ = {isa = PBXFileReference; lastKnownFileType = sourcecode.swift; path = AccountDetailsNetworkServiceSpec.swift; sourceTree = "<group>"; };
		0EA6D9B2250F35700086DCB7 /* AccountDetailsInteractorSpec.swift */ = {isa = PBXFileReference; lastKnownFileType = sourcecode.swift; path = AccountDetailsInteractorSpec.swift; sourceTree = "<group>"; };
/* End PBXFileReference section */

/* Begin PBXFrameworksBuildPhase section */
		0E5B1DD2250C246500A6A724 /* Frameworks */ = {
			isa = PBXFrameworksBuildPhase;
			buildActionMask = 2147483647;
			files = (
			);
			runOnlyForDeploymentPostprocessing = 0;
		};
		0E5B1DE8250C246700A6A724 /* Frameworks */ = {
			isa = PBXFrameworksBuildPhase;
			buildActionMask = 2147483647;
			files = (
				0EA6D99A250EF3150086DCB7 /* Quick in Frameworks */,
				0EA6D99D250EF3530086DCB7 /* Nimble in Frameworks */,
			);
			runOnlyForDeploymentPostprocessing = 0;
		};
		0E998D5C250F72E800E20395 /* Frameworks */ = {
			isa = PBXFrameworksBuildPhase;
			buildActionMask = 2147483647;
			files = (
			);
			runOnlyForDeploymentPostprocessing = 0;
		};
/* End PBXFrameworksBuildPhase section */

/* Begin PBXGroup section */
		0E59B71E250D01B800DF7162 /* Models */ = {
			isa = PBXGroup;
			children = (
				0E59B71F250D01CB00DF7162 /* DomainModels.swift */,
			);
			path = Models;
			sourceTree = "<group>";
		};
		0E5B1DCC250C246500A6A724 = {
			isa = PBXGroup;
			children = (
				0E5B1DD7250C246500A6A724 /* MyBank */,
				0E5B1DEE250C246700A6A724 /* MyBankTests */,
				0E998D60250F72E800E20395 /* MyBankUITests */,
				0E5B1DD6250C246500A6A724 /* Products */,
			);
			sourceTree = "<group>";
		};
		0E5B1DD6250C246500A6A724 /* Products */ = {
			isa = PBXGroup;
			children = (
				0E5B1DD5250C246500A6A724 /* MyBank.app */,
				0E5B1DEB250C246700A6A724 /* MyBankTests.xctest */,
				0E998D5F250F72E800E20395 /* MyBankUITests.xctest */,
			);
			name = Products;
			sourceTree = "<group>";
		};
		0E5B1DD7250C246500A6A724 /* MyBank */ = {
			isa = PBXGroup;
			children = (
				0E5B1DFA250C29F000A6A724 /* PresentationLayer */,
				0E5B1DFB250C2A0200A6A724 /* DomainLayer */,
				0E5B1DFC250C2A0B00A6A724 /* DataLayer */,
				0E5B1E1A250C3B6D00A6A724 /* Support+Utils */,
				0E5B1DE6250C246600A6A724 /* Info.plist */,
			);
			path = MyBank;
			sourceTree = "<group>";
		};
		0E5B1DEE250C246700A6A724 /* MyBankTests */ = {
			isa = PBXGroup;
			children = (
				0E998D51250F4B1600E20395 /* PresentationLayerTests */,
				0EA6D9B1250F35470086DCB7 /* DomainLayerTests */,
				0EA6D99E250EF4350086DCB7 /* DataLayerTests */,
				0EA6D9A2250EFC080086DCB7 /* Bundle+JSONForResource.swift */,
				0E998D4F250F3E4000E20395 /* TestHelper.swift */,
				0EA6D9A5250EFC440086DCB7 /* TestResources */,
				0E5B1DF1250C246700A6A724 /* Info.plist */,
			);
			path = MyBankTests;
			sourceTree = "<group>";
		};
		0E5B1DFA250C29F000A6A724 /* PresentationLayer */ = {
			isa = PBXGroup;
			children = (
				0E5B1DD8250C246500A6A724 /* AppDelegate.swift */,
				0E5B1DDE250C246500A6A724 /* Main.storyboard */,
				0E5B1DE3250C246600A6A724 /* LaunchScreen.storyboard */,
				0E5B1E27250C610700A6A724 /* Scenes */,
				0E5B1E00250C2B3800A6A724 /* Shared */,
				0E5B1DE1250C246600A6A724 /* Assets.xcassets */,
			);
			path = PresentationLayer;
			sourceTree = "<group>";
		};
		0E5B1DFB250C2A0200A6A724 /* DomainLayer */ = {
			isa = PBXGroup;
			children = (
				0E59B71E250D01B800DF7162 /* Models */,
				0E59B71C250CFF6300DF7162 /* AccountDetailsInteractor.swift */,
			);
			path = DomainLayer;
			sourceTree = "<group>";
		};
		0E5B1DFC250C2A0B00A6A724 /* DataLayer */ = {
			isa = PBXGroup;
			children = (
				0E5B1E20250C3FA100A6A724 /* Entities */,
				0E5B1E16250C3A0700A6A724 /* ApiConstants.swift */,
				0E5B1E10250C38AF00A6A724 /* ServicesProvider.swift */,
				0E5B1E1F250C3C4B00A6A724 /* Network */,
			);
			path = DataLayer;
			sourceTree = "<group>";
		};
		0E5B1DFD250C2A9B00A6A724 /* ResoureFiles */ = {
			isa = PBXGroup;
			children = (
				0EA6D942250DDC470086DCB7 /* account_data.json */,
			);
			path = ResoureFiles;
			sourceTree = "<group>";
		};
		0E5B1E00250C2B3800A6A724 /* Shared */ = {
			isa = PBXGroup;
			children = (
				0E5B1E01250C2B3E00A6A724 /* Theme */,
				0E5B1E04250C305E00A6A724 /* Localization */,
				0E5B1E0F250C33E300A6A724 /* Accessibility */,
				0E5B1E30250C6BF600A6A724 /* UITableView+Common.swift */,
				0E5B1E46250CC03100A6A724 /* DataTransforming.swift */,
			);
			path = Shared;
			sourceTree = "<group>";
		};
		0E5B1E01250C2B3E00A6A724 /* Theme */ = {
			isa = PBXGroup;
			children = (
				0E5B1E02250C2B4B00A6A724 /* Theme.swift */,
				0E1E37D625B1347E00CE7BE5 /* Icon.swift */,
			);
			path = Theme;
			sourceTree = "<group>";
		};
		0E5B1E04250C305E00A6A724 /* Localization */ = {
			isa = PBXGroup;
			children = (
				0E5B1E05250C307600A6A724 /* LocalizationKeys.swift */,
				0E5B1E07250C30AA00A6A724 /* MyBank+StringKeys.swift */,
				0E5B1E09250C31D000A6A724 /* MyBank.strings */,
			);
			path = Localization;
			sourceTree = "<group>";
		};
		0E5B1E0F250C33E300A6A724 /* Accessibility */ = {
			isa = PBXGroup;
			children = (
				0E5B1E0B250C32A900A6A724 /* UIAccessibility+Helpers.swift */,
				0E5B1E0D250C330000A6A724 /* AccessibilityIdentifiers.swift */,
			);
			path = Accessibility;
			sourceTree = "<group>";
		};
		0E5B1E1A250C3B6D00A6A724 /* Support+Utils */ = {
			isa = PBXGroup;
			children = (
				0EA6D93D250DB3D80086DCB7 /* NumberFormatter+Helpers.swift */,
				0E5B1E25250C55DB00A6A724 /* DateFormatter+Helpers.swift */,
				0E5B1E1B250C3B8600A6A724 /* Publisher+Extensions.swift */,
				0E5B1E1D250C3C1B00A6A724 /* Scheduler.swift */,
				0E5B1DFD250C2A9B00A6A724 /* ResoureFiles */,
			);
			path = "Support+Utils";
			sourceTree = "<group>";
		};
		0E5B1E1F250C3C4B00A6A724 /* Network */ = {
			isa = PBXGroup;
			children = (
				0E5B1E12250C392200A6A724 /* NetworkServiceType.swift */,
				0E5B1E14250C39A200A6A724 /* Resource.swift */,
				0E5B1E18250C3B2400A6A724 /* NetworkService.swift */,
				0EA6D940250DCDF40086DCB7 /* LocalStubbedDataService.swift */,
			);
			path = Network;
			sourceTree = "<group>";
		};
		0E5B1E20250C3FA100A6A724 /* Entities */ = {
			isa = PBXGroup;
			children = (
				0E5B1E21250C3FBE00A6A724 /* Resource+AccountDetailsResponse.swift */,
				0E5B1E23250C416300A6A724 /* AccountDetailsResponse+Models.swift */,
			);
			path = Entities;
			sourceTree = "<group>";
		};
		0E5B1E27250C610700A6A724 /* Scenes */ = {
			isa = PBXGroup;
			children = (
				0E5B1E28250C611000A6A724 /* AccountDetails */,
				0EA6D94D250E539D0086DCB7 /* TransactionATMLocation */,
			);
			path = Scenes;
			sourceTree = "<group>";
		};
		0E5B1E28250C611000A6A724 /* AccountDetails */ = {
			isa = PBXGroup;
			children = (
				0E5B1E2D250C633800A6A724 /* UIComponents */,
				0E5B1E43250CBF7200A6A724 /* Transformers */,
				0E5B1DDC250C246500A6A724 /* AccountDetailsViewController.swift */,
				0EA6D936250D9CDB0086DCB7 /* AccountDetailsDisplay.swift */,
				0E5B1E41250CBEEB00A6A724 /* AccountDetailsPresenter.swift */,
				0EA6D996250EE7DD0086DCB7 /* AccountDetailsRouter.swift */,
			);
			path = AccountDetails;
			sourceTree = "<group>";
		};
		0E5B1E2D250C633800A6A724 /* UIComponents */ = {
			isa = PBXGroup;
			children = (
				0EA6D94A250DFF930086DCB7 /* AccountDetailsHeader */,
				0EA6D948250DFF480086DCB7 /* TransactionSectionHeader */,
				0EA6D949250DFF710086DCB7 /* TransactionCell */,
			);
			path = UIComponents;
			sourceTree = "<group>";
		};
		0E5B1E43250CBF7200A6A724 /* Transformers */ = {
			isa = PBXGroup;
			children = (
				0EA6D94B250E3C610086DCB7 /* AccountDetailsTransformer.swift */,
				0E5B1E44250CBF8500A6A724 /* TransactionListTransformer.swift */,
				0EA6D93A250DA9CF0086DCB7 /* GroupedTransactionsSection.swift */,
			);
			path = Transformers;
			sourceTree = "<group>";
		};
		0E998D51250F4B1600E20395 /* PresentationLayerTests */ = {
			isa = PBXGroup;
			children = (
				0E998D54250F55A500E20395 /* AccountDetailsTransformerSpec.swift */,
				0E998D52250F4B4000E20395 /* TransactionListTransformerSpec.swift */,
				0E998D58250F5B5A00E20395 /* AccountDetailsPresenterSpec.swift */,
				0E998D56250F5B4500E20395 /* AccountDetailsPresenter+TestDoubles.swift */,
			);
			path = PresentationLayerTests;
			sourceTree = "<group>";
		};
		0E998D60250F72E800E20395 /* MyBankUITests */ = {
			isa = PBXGroup;
			children = (
				0E998D61250F72E800E20395 /* MyBankUITests.swift */,
				0E998D63250F72E800E20395 /* Info.plist */,
			);
			path = MyBankUITests;
			sourceTree = "<group>";
		};
		0EA6D948250DFF480086DCB7 /* TransactionSectionHeader */ = {
			isa = PBXGroup;
			children = (
				0E59B718250CF6D500DF7162 /* TransctionSectionHeaderView.swift */,
				0E59B717250CF6D500DF7162 /* TransctionSectionHeaderView.xib */,
				0EA6D938250DA99C0086DCB7 /* TransactionSectionHeaderPresentationItem.swift */,
			);
			path = TransactionSectionHeader;
			sourceTree = "<group>";
		};
		0EA6D949250DFF710086DCB7 /* TransactionCell */ = {
			isa = PBXGroup;
			children = (
				0E5B1E29250C62D900A6A724 /* TransactionCell.swift */,
				0E5B1E2A250C62D900A6A724 /* TransactionCell.xib */,
				0E5B1E2E250C6A9200A6A724 /* TransactionPresentationItem.swift */,
			);
			path = TransactionCell;
			sourceTree = "<group>";
		};
		0EA6D94A250DFF930086DCB7 /* AccountDetailsHeader */ = {
			isa = PBXGroup;
			children = (
				0EA6D944250DE4F40086DCB7 /* AccountDetailsHeaderView.swift */,
				0EA6D946250DE57D0086DCB7 /* AccountDetailsHeaderView.xib */,
				0E5B1E48250CC2B000A6A724 /* AccountDetailsPresentationItem.swift */,
			);
			path = AccountDetailsHeader;
			sourceTree = "<group>";
		};
		0EA6D94D250E539D0086DCB7 /* TransactionATMLocation */ = {
			isa = PBXGroup;
			children = (
				0EA6D94E250E53DF0086DCB7 /* MapView.swift */,
				0EA6D994250EDD1E0086DCB7 /* ATMMapContentView.swift */,
			);
			path = TransactionATMLocation;
			sourceTree = "<group>";
		};
		0EA6D99E250EF4350086DCB7 /* DataLayerTests */ = {
			isa = PBXGroup;
			children = (
				0EA6D9A0250EF48C0086DCB7 /* AccountDetails+DataMapingSpec.swift */,
				0EA6D9AE250F0B420086DCB7 /* NetworkService */,
				0EA6D99F250EF48C0086DCB7 /* MyBankTests-Bridging-Header.h */,
			);
			path = DataLayerTests;
			sourceTree = "<group>";
		};
		0EA6D9A5250EFC440086DCB7 /* TestResources */ = {
			isa = PBXGroup;
			children = (
				0EA6D9A6250EFC750086DCB7 /* account_details_full.json */,
				0EA6D9AA250F06620086DCB7 /* incorrect_account_data.json */,
			);
			path = TestResources;
			sourceTree = "<group>";
		};
		0EA6D9AE250F0B420086DCB7 /* NetworkService */ = {
			isa = PBXGroup;
			children = (
				0EA6D9AC250F08A70086DCB7 /* NetworkServiceType+TestDoubles.swift */,
				0EA6D9AF250F0B6B0086DCB7 /* AccountDetailsNetworkServiceSpec.swift */,
			);
			path = NetworkService;
			sourceTree = "<group>";
		};
		0EA6D9B1250F35470086DCB7 /* DomainLayerTests */ = {
			isa = PBXGroup;
			children = (
				0EA6D9B2250F35700086DCB7 /* AccountDetailsInteractorSpec.swift */,
			);
			path = DomainLayerTests;
			sourceTree = "<group>";
		};
/* End PBXGroup section */

/* Begin PBXNativeTarget section */
		0E5B1DD4250C246500A6A724 /* MyBank */ = {
			isa = PBXNativeTarget;
			buildConfigurationList = 0E5B1DF4250C246700A6A724 /* Build configuration list for PBXNativeTarget "MyBank" */;
			buildPhases = (
				0E5B1DD1250C246500A6A724 /* Sources */,
				0E5B1DD2250C246500A6A724 /* Frameworks */,
				0E5B1DD3250C246500A6A724 /* Resources */,
			);
			buildRules = (
			);
			dependencies = (
			);
			name = MyBank;
			productName = MyBank;
			productReference = 0E5B1DD5250C246500A6A724 /* MyBank.app */;
			productType = "com.apple.product-type.application";
		};
		0E5B1DEA250C246700A6A724 /* MyBankTests */ = {
			isa = PBXNativeTarget;
			buildConfigurationList = 0E5B1DF7250C246700A6A724 /* Build configuration list for PBXNativeTarget "MyBankTests" */;
			buildPhases = (
				0E5B1DE7250C246700A6A724 /* Sources */,
				0E5B1DE8250C246700A6A724 /* Frameworks */,
				0E5B1DE9250C246700A6A724 /* Resources */,
			);
			buildRules = (
			);
			dependencies = (
				0E5B1DED250C246700A6A724 /* PBXTargetDependency */,
			);
			name = MyBankTests;
			packageProductDependencies = (
				0EA6D999250EF3150086DCB7 /* Quick */,
				0EA6D99C250EF3530086DCB7 /* Nimble */,
			);
			productName = MyBankTests;
			productReference = 0E5B1DEB250C246700A6A724 /* MyBankTests.xctest */;
			productType = "com.apple.product-type.bundle.unit-test";
		};
		0E998D5E250F72E800E20395 /* MyBankUITests */ = {
			isa = PBXNativeTarget;
			buildConfigurationList = 0E998D66250F72E900E20395 /* Build configuration list for PBXNativeTarget "MyBankUITests" */;
			buildPhases = (
				0E998D5B250F72E800E20395 /* Sources */,
				0E998D5C250F72E800E20395 /* Frameworks */,
				0E998D5D250F72E800E20395 /* Resources */,
			);
			buildRules = (
			);
			dependencies = (
				0E998D65250F72E900E20395 /* PBXTargetDependency */,
			);
			name = MyBankUITests;
			productName = MyBankUITests;
			productReference = 0E998D5F250F72E800E20395 /* MyBankUITests.xctest */;
			productType = "com.apple.product-type.bundle.ui-testing";
		};
/* End PBXNativeTarget section */

/* Begin PBXProject section */
		0E5B1DCD250C246500A6A724 /* Project object */ = {
			isa = PBXProject;
			attributes = {
				LastSwiftUpdateCheck = 1170;
				LastUpgradeCheck = 1170;
				ORGANIZATIONNAME = "Arinjoy Biswas";
				TargetAttributes = {
					0E5B1DD4250C246500A6A724 = {
						CreatedOnToolsVersion = 11.7;
					};
					0E5B1DEA250C246700A6A724 = {
						CreatedOnToolsVersion = 11.7;
						LastSwiftMigration = 1170;
						TestTargetID = 0E5B1DD4250C246500A6A724;
					};
					0E998D5E250F72E800E20395 = {
						CreatedOnToolsVersion = 11.7;
						TestTargetID = 0E5B1DD4250C246500A6A724;
					};
				};
			};
			buildConfigurationList = 0E5B1DD0250C246500A6A724 /* Build configuration list for PBXProject "MyBank" */;
			compatibilityVersion = "Xcode 9.3";
			developmentRegion = en;
			hasScannedForEncodings = 0;
			knownRegions = (
				en,
				Base,
			);
			mainGroup = 0E5B1DCC250C246500A6A724;
			packageReferences = (
				0EA6D998250EF3150086DCB7 /* XCRemoteSwiftPackageReference "Quick" */,
				0EA6D99B250EF3530086DCB7 /* XCRemoteSwiftPackageReference "Nimble" */,
			);
			productRefGroup = 0E5B1DD6250C246500A6A724 /* Products */;
			projectDirPath = "";
			projectRoot = "";
			targets = (
				0E5B1DD4250C246500A6A724 /* MyBank */,
				0E5B1DEA250C246700A6A724 /* MyBankTests */,
				0E998D5E250F72E800E20395 /* MyBankUITests */,
			);
		};
/* End PBXProject section */

/* Begin PBXResourcesBuildPhase section */
		0E5B1DD3250C246500A6A724 /* Resources */ = {
			isa = PBXResourcesBuildPhase;
			buildActionMask = 2147483647;
			files = (
				0E5B1DE5250C246600A6A724 /* LaunchScreen.storyboard in Resources */,
				0E59B719250CF6D500DF7162 /* TransctionSectionHeaderView.xib in Resources */,
				0EA6D943250DDC470086DCB7 /* account_data.json in Resources */,
				0E5B1E0A250C31D000A6A724 /* MyBank.strings in Resources */,
				0E5B1E2C250C62D900A6A724 /* TransactionCell.xib in Resources */,
				0EA6D947250DE57D0086DCB7 /* AccountDetailsHeaderView.xib in Resources */,
				0E5B1DE2250C246600A6A724 /* Assets.xcassets in Resources */,
				0E5B1DE0250C246500A6A724 /* Main.storyboard in Resources */,
			);
			runOnlyForDeploymentPostprocessing = 0;
		};
		0E5B1DE9250C246700A6A724 /* Resources */ = {
			isa = PBXResourcesBuildPhase;
			buildActionMask = 2147483647;
			files = (
				0EA6D9A7250EFC750086DCB7 /* account_details_full.json in Resources */,
				0EA6D9AB250F06620086DCB7 /* incorrect_account_data.json in Resources */,
			);
			runOnlyForDeploymentPostprocessing = 0;
		};
		0E998D5D250F72E800E20395 /* Resources */ = {
			isa = PBXResourcesBuildPhase;
			buildActionMask = 2147483647;
			files = (
			);
			runOnlyForDeploymentPostprocessing = 0;
		};
/* End PBXResourcesBuildPhase section */

/* Begin PBXSourcesBuildPhase section */
		0E5B1DD1250C246500A6A724 /* Sources */ = {
			isa = PBXSourcesBuildPhase;
			buildActionMask = 2147483647;
			files = (
				0EA6D995250EDD1E0086DCB7 /* ATMMapContentView.swift in Sources */,
				0E5B1E26250C55DB00A6A724 /* DateFormatter+Helpers.swift in Sources */,
				0E5B1E17250C3A0700A6A724 /* ApiConstants.swift in Sources */,
				0E5B1E1E250C3C1B00A6A724 /* Scheduler.swift in Sources */,
				0E5B1E24250C416300A6A724 /* AccountDetailsResponse+Models.swift in Sources */,
				0E59B71A250CF6D500DF7162 /* TransctionSectionHeaderView.swift in Sources */,
				0E5B1E13250C392200A6A724 /* NetworkServiceType.swift in Sources */,
				0E5B1E11250C38AF00A6A724 /* ServicesProvider.swift in Sources */,
				0EA6D997250EE7DD0086DCB7 /* AccountDetailsRouter.swift in Sources */,
				0E5B1E03250C2B4B00A6A724 /* Theme.swift in Sources */,
				0EA6D94F250E53DF0086DCB7 /* MapView.swift in Sources */,
				0E5B1E49250CC2B000A6A724 /* AccountDetailsPresentationItem.swift in Sources */,
				0E5B1E15250C39A200A6A724 /* Resource.swift in Sources */,
				0E5B1E31250C6BF600A6A724 /* UITableView+Common.swift in Sources */,
				0E5B1E42250CBEEB00A6A724 /* AccountDetailsPresenter.swift in Sources */,
				0E5B1E1C250C3B8600A6A724 /* Publisher+Extensions.swift in Sources */,
				0E1E37D725B1347E00CE7BE5 /* Icon.swift in Sources */,
				0E5B1E08250C30AA00A6A724 /* MyBank+StringKeys.swift in Sources */,
				0E59B720250D01CB00DF7162 /* DomainModels.swift in Sources */,
				0E5B1DDD250C246500A6A724 /* AccountDetailsViewController.swift in Sources */,
				0E5B1E22250C3FBE00A6A724 /* Resource+AccountDetailsResponse.swift in Sources */,
				0EA6D93E250DB3D80086DCB7 /* NumberFormatter+Helpers.swift in Sources */,
				0EA6D94C250E3C610086DCB7 /* AccountDetailsTransformer.swift in Sources */,
				0E5B1E06250C307600A6A724 /* LocalizationKeys.swift in Sources */,
				0E5B1E47250CC03100A6A724 /* DataTransforming.swift in Sources */,
				0E5B1E0E250C330000A6A724 /* AccessibilityIdentifiers.swift in Sources */,
				0EA6D941250DCDF40086DCB7 /* LocalStubbedDataService.swift in Sources */,
				0E5B1E2B250C62D900A6A724 /* TransactionCell.swift in Sources */,
				0EA6D945250DE4F40086DCB7 /* AccountDetailsHeaderView.swift in Sources */,
				0EA6D93B250DA9CF0086DCB7 /* GroupedTransactionsSection.swift in Sources */,
				0E5B1E0C250C32A900A6A724 /* UIAccessibility+Helpers.swift in Sources */,
				0EA6D939250DA99C0086DCB7 /* TransactionSectionHeaderPresentationItem.swift in Sources */,
				0E5B1E45250CBF8500A6A724 /* TransactionListTransformer.swift in Sources */,
				0E5B1E19250C3B2400A6A724 /* NetworkService.swift in Sources */,
				0E5B1DD9250C246500A6A724 /* AppDelegate.swift in Sources */,
				0E59B71D250CFF6300DF7162 /* AccountDetailsInteractor.swift in Sources */,
				0EA6D937250D9CDB0086DCB7 /* AccountDetailsDisplay.swift in Sources */,
				0E5B1E2F250C6A9200A6A724 /* TransactionPresentationItem.swift in Sources */,
			);
			runOnlyForDeploymentPostprocessing = 0;
		};
		0E5B1DE7250C246700A6A724 /* Sources */ = {
			isa = PBXSourcesBuildPhase;
			buildActionMask = 2147483647;
			files = (
				0EA6D9AD250F08A70086DCB7 /* NetworkServiceType+TestDoubles.swift in Sources */,
				0E998D50250F3E4000E20395 /* TestHelper.swift in Sources */,
				0EA6D9B0250F0B6B0086DCB7 /* AccountDetailsNetworkServiceSpec.swift in Sources */,
				0E998D53250F4B4000E20395 /* TransactionListTransformerSpec.swift in Sources */,
				0E998D57250F5B4500E20395 /* AccountDetailsPresenter+TestDoubles.swift in Sources */,
				0EA6D9A1250EF48C0086DCB7 /* AccountDetails+DataMapingSpec.swift in Sources */,
				0E998D59250F5B5A00E20395 /* AccountDetailsPresenterSpec.swift in Sources */,
				0EA6D9A3250EFC080086DCB7 /* Bundle+JSONForResource.swift in Sources */,
				0EA6D9B3250F35700086DCB7 /* AccountDetailsInteractorSpec.swift in Sources */,
				0E998D55250F55A500E20395 /* AccountDetailsTransformerSpec.swift in Sources */,
			);
			runOnlyForDeploymentPostprocessing = 0;
		};
		0E998D5B250F72E800E20395 /* Sources */ = {
			isa = PBXSourcesBuildPhase;
			buildActionMask = 2147483647;
			files = (
				0E998D62250F72E800E20395 /* MyBankUITests.swift in Sources */,
			);
			runOnlyForDeploymentPostprocessing = 0;
		};
/* End PBXSourcesBuildPhase section */

/* Begin PBXTargetDependency section */
		0E5B1DED250C246700A6A724 /* PBXTargetDependency */ = {
			isa = PBXTargetDependency;
			target = 0E5B1DD4250C246500A6A724 /* MyBank */;
			targetProxy = 0E5B1DEC250C246700A6A724 /* PBXContainerItemProxy */;
		};
		0E998D65250F72E900E20395 /* PBXTargetDependency */ = {
			isa = PBXTargetDependency;
			target = 0E5B1DD4250C246500A6A724 /* MyBank */;
			targetProxy = 0E998D64250F72E900E20395 /* PBXContainerItemProxy */;
		};
/* End PBXTargetDependency section */

/* Begin PBXVariantGroup section */
		0E5B1DDE250C246500A6A724 /* Main.storyboard */ = {
			isa = PBXVariantGroup;
			children = (
				0E5B1DDF250C246500A6A724 /* Base */,
			);
			name = Main.storyboard;
			sourceTree = "<group>";
		};
		0E5B1DE3250C246600A6A724 /* LaunchScreen.storyboard */ = {
			isa = PBXVariantGroup;
			children = (
				0E5B1DE4250C246600A6A724 /* Base */,
			);
			name = LaunchScreen.storyboard;
			sourceTree = "<group>";
		};
/* End PBXVariantGroup section */

/* Begin XCBuildConfiguration section */
		0E5B1DF2250C246700A6A724 /* Debug */ = {
			isa = XCBuildConfiguration;
			buildSettings = {
				ALWAYS_SEARCH_USER_PATHS = NO;
				CLANG_ANALYZER_NONNULL = YES;
				CLANG_ANALYZER_NUMBER_OBJECT_CONVERSION = YES_AGGRESSIVE;
				CLANG_CXX_LANGUAGE_STANDARD = "gnu++14";
				CLANG_CXX_LIBRARY = "libc++";
				CLANG_ENABLE_MODULES = YES;
				CLANG_ENABLE_OBJC_ARC = YES;
				CLANG_ENABLE_OBJC_WEAK = YES;
				CLANG_WARN_BLOCK_CAPTURE_AUTORELEASING = YES;
				CLANG_WARN_BOOL_CONVERSION = YES;
				CLANG_WARN_COMMA = YES;
				CLANG_WARN_CONSTANT_CONVERSION = YES;
				CLANG_WARN_DEPRECATED_OBJC_IMPLEMENTATIONS = YES;
				CLANG_WARN_DIRECT_OBJC_ISA_USAGE = YES_ERROR;
				CLANG_WARN_DOCUMENTATION_COMMENTS = YES;
				CLANG_WARN_EMPTY_BODY = YES;
				CLANG_WARN_ENUM_CONVERSION = YES;
				CLANG_WARN_INFINITE_RECURSION = YES;
				CLANG_WARN_INT_CONVERSION = YES;
				CLANG_WARN_NON_LITERAL_NULL_CONVERSION = YES;
				CLANG_WARN_OBJC_IMPLICIT_RETAIN_SELF = YES;
				CLANG_WARN_OBJC_LITERAL_CONVERSION = YES;
				CLANG_WARN_OBJC_ROOT_CLASS = YES_ERROR;
				CLANG_WARN_RANGE_LOOP_ANALYSIS = YES;
				CLANG_WARN_STRICT_PROTOTYPES = YES;
				CLANG_WARN_SUSPICIOUS_MOVE = YES;
				CLANG_WARN_UNGUARDED_AVAILABILITY = YES_AGGRESSIVE;
				CLANG_WARN_UNREACHABLE_CODE = YES;
				CLANG_WARN__DUPLICATE_METHOD_MATCH = YES;
				COPY_PHASE_STRIP = NO;
				DEBUG_INFORMATION_FORMAT = dwarf;
				ENABLE_STRICT_OBJC_MSGSEND = YES;
				ENABLE_TESTABILITY = YES;
				GCC_C_LANGUAGE_STANDARD = gnu11;
				GCC_DYNAMIC_NO_PIC = NO;
				GCC_NO_COMMON_BLOCKS = YES;
				GCC_OPTIMIZATION_LEVEL = 0;
				GCC_PREPROCESSOR_DEFINITIONS = (
					"DEBUG=1",
					"$(inherited)",
				);
				GCC_WARN_64_TO_32_BIT_CONVERSION = YES;
				GCC_WARN_ABOUT_RETURN_TYPE = YES_ERROR;
				GCC_WARN_UNDECLARED_SELECTOR = YES;
				GCC_WARN_UNINITIALIZED_AUTOS = YES_AGGRESSIVE;
				GCC_WARN_UNUSED_FUNCTION = YES;
				GCC_WARN_UNUSED_VARIABLE = YES;
				IPHONEOS_DEPLOYMENT_TARGET = 13.7;
				MTL_ENABLE_DEBUG_INFO = INCLUDE_SOURCE;
				MTL_FAST_MATH = YES;
				ONLY_ACTIVE_ARCH = YES;
				SDKROOT = iphoneos;
				SWIFT_ACTIVE_COMPILATION_CONDITIONS = DEBUG;
				SWIFT_OPTIMIZATION_LEVEL = "-Onone";
			};
			name = Debug;
		};
		0E5B1DF3250C246700A6A724 /* Release */ = {
			isa = XCBuildConfiguration;
			buildSettings = {
				ALWAYS_SEARCH_USER_PATHS = NO;
				CLANG_ANALYZER_NONNULL = YES;
				CLANG_ANALYZER_NUMBER_OBJECT_CONVERSION = YES_AGGRESSIVE;
				CLANG_CXX_LANGUAGE_STANDARD = "gnu++14";
				CLANG_CXX_LIBRARY = "libc++";
				CLANG_ENABLE_MODULES = YES;
				CLANG_ENABLE_OBJC_ARC = YES;
				CLANG_ENABLE_OBJC_WEAK = YES;
				CLANG_WARN_BLOCK_CAPTURE_AUTORELEASING = YES;
				CLANG_WARN_BOOL_CONVERSION = YES;
				CLANG_WARN_COMMA = YES;
				CLANG_WARN_CONSTANT_CONVERSION = YES;
				CLANG_WARN_DEPRECATED_OBJC_IMPLEMENTATIONS = YES;
				CLANG_WARN_DIRECT_OBJC_ISA_USAGE = YES_ERROR;
				CLANG_WARN_DOCUMENTATION_COMMENTS = YES;
				CLANG_WARN_EMPTY_BODY = YES;
				CLANG_WARN_ENUM_CONVERSION = YES;
				CLANG_WARN_INFINITE_RECURSION = YES;
				CLANG_WARN_INT_CONVERSION = YES;
				CLANG_WARN_NON_LITERAL_NULL_CONVERSION = YES;
				CLANG_WARN_OBJC_IMPLICIT_RETAIN_SELF = YES;
				CLANG_WARN_OBJC_LITERAL_CONVERSION = YES;
				CLANG_WARN_OBJC_ROOT_CLASS = YES_ERROR;
				CLANG_WARN_RANGE_LOOP_ANALYSIS = YES;
				CLANG_WARN_STRICT_PROTOTYPES = YES;
				CLANG_WARN_SUSPICIOUS_MOVE = YES;
				CLANG_WARN_UNGUARDED_AVAILABILITY = YES_AGGRESSIVE;
				CLANG_WARN_UNREACHABLE_CODE = YES;
				CLANG_WARN__DUPLICATE_METHOD_MATCH = YES;
				COPY_PHASE_STRIP = NO;
				DEBUG_INFORMATION_FORMAT = "dwarf-with-dsym";
				ENABLE_NS_ASSERTIONS = NO;
				ENABLE_STRICT_OBJC_MSGSEND = YES;
				GCC_C_LANGUAGE_STANDARD = gnu11;
				GCC_NO_COMMON_BLOCKS = YES;
				GCC_WARN_64_TO_32_BIT_CONVERSION = YES;
				GCC_WARN_ABOUT_RETURN_TYPE = YES_ERROR;
				GCC_WARN_UNDECLARED_SELECTOR = YES;
				GCC_WARN_UNINITIALIZED_AUTOS = YES_AGGRESSIVE;
				GCC_WARN_UNUSED_FUNCTION = YES;
				GCC_WARN_UNUSED_VARIABLE = YES;
				IPHONEOS_DEPLOYMENT_TARGET = 13.7;
				MTL_ENABLE_DEBUG_INFO = NO;
				MTL_FAST_MATH = YES;
				SDKROOT = iphoneos;
				SWIFT_COMPILATION_MODE = wholemodule;
				SWIFT_OPTIMIZATION_LEVEL = "-O";
				VALIDATE_PRODUCT = YES;
			};
			name = Release;
		};
		0E5B1DF5250C246700A6A724 /* Debug */ = {
			isa = XCBuildConfiguration;
			buildSettings = {
				ASSETCATALOG_COMPILER_APPICON_NAME = AppIcon;
				CODE_SIGN_STYLE = Automatic;
				DEVELOPMENT_TEAM = 9D2CDZVV47;
				INFOPLIST_FILE = MyBank/Info.plist;
				LD_RUNPATH_SEARCH_PATHS = (
					"$(inherited)",
					"@executable_path/Frameworks",
				);
				PRODUCT_BUNDLE_IDENTIFIER = com.app.arinappy.MyBank;
				PRODUCT_NAME = "$(TARGET_NAME)";
				SWIFT_VERSION = 5.0;
				TARGETED_DEVICE_FAMILY = "1,2";
			};
			name = Debug;
		};
		0E5B1DF6250C246700A6A724 /* Release */ = {
			isa = XCBuildConfiguration;
			buildSettings = {
				ASSETCATALOG_COMPILER_APPICON_NAME = AppIcon;
				CODE_SIGN_STYLE = Automatic;
				DEVELOPMENT_TEAM = 9D2CDZVV47;
				INFOPLIST_FILE = MyBank/Info.plist;
				LD_RUNPATH_SEARCH_PATHS = (
					"$(inherited)",
					"@executable_path/Frameworks",
				);
				PRODUCT_BUNDLE_IDENTIFIER = com.app.arinappy.MyBank;
				PRODUCT_NAME = "$(TARGET_NAME)";
				SWIFT_VERSION = 5.0;
				TARGETED_DEVICE_FAMILY = "1,2";
			};
			name = Release;
		};
		0E5B1DF8250C246700A6A724 /* Debug */ = {
			isa = XCBuildConfiguration;
			buildSettings = {
				ALWAYS_EMBED_SWIFT_STANDARD_LIBRARIES = YES;
				BUNDLE_LOADER = "$(TEST_HOST)";
				CLANG_ENABLE_MODULES = YES;
				CODE_SIGN_STYLE = Automatic;
				DEVELOPMENT_TEAM = 9D2CDZVV47;
				INFOPLIST_FILE = MyBankTests/Info.plist;
				IPHONEOS_DEPLOYMENT_TARGET = 13.7;
				LD_RUNPATH_SEARCH_PATHS = (
					"$(inherited)",
					"@executable_path/Frameworks",
					"@loader_path/Frameworks",
				);
				PRODUCT_BUNDLE_IDENTIFIER = com.app.arinappy.MyBankTests;
				PRODUCT_NAME = "$(TARGET_NAME)";
				SWIFT_OBJC_BRIDGING_HEADER = "MyBankTests/DataLayerTests/MyBankTests-Bridging-Header.h";
				SWIFT_OPTIMIZATION_LEVEL = "-Onone";
				SWIFT_VERSION = 5.0;
				TARGETED_DEVICE_FAMILY = "1,2";
				TEST_HOST = "$(BUILT_PRODUCTS_DIR)/MyBank.app/MyBank";
			};
			name = Debug;
		};
		0E5B1DF9250C246700A6A724 /* Release */ = {
			isa = XCBuildConfiguration;
			buildSettings = {
				ALWAYS_EMBED_SWIFT_STANDARD_LIBRARIES = YES;
				BUNDLE_LOADER = "$(TEST_HOST)";
				CLANG_ENABLE_MODULES = YES;
				CODE_SIGN_STYLE = Automatic;
				DEVELOPMENT_TEAM = 9D2CDZVV47;
				INFOPLIST_FILE = MyBankTests/Info.plist;
				IPHONEOS_DEPLOYMENT_TARGET = 13.7;
				LD_RUNPATH_SEARCH_PATHS = (
					"$(inherited)",
					"@executable_path/Frameworks",
					"@loader_path/Frameworks",
				);
				PRODUCT_BUNDLE_IDENTIFIER = com.app.arinappy.MyBankTests;
				PRODUCT_NAME = "$(TARGET_NAME)";
				SWIFT_OBJC_BRIDGING_HEADER = "MyBankTests/DataLayerTests/MyBankTests-Bridging-Header.h";
				SWIFT_VERSION = 5.0;
				TARGETED_DEVICE_FAMILY = "1,2";
				TEST_HOST = "$(BUILT_PRODUCTS_DIR)/MyBank.app/MyBank";
			};
			name = Release;
		};
		0E998D67250F72E900E20395 /* Debug */ = {
			isa = XCBuildConfiguration;
			buildSettings = {
				CODE_SIGN_STYLE = Automatic;
				DEVELOPMENT_TEAM = 9D2CDZVV47;
				INFOPLIST_FILE = MyBankUITests/Info.plist;
				LD_RUNPATH_SEARCH_PATHS = (
					"$(inherited)",
					"@executable_path/Frameworks",
					"@loader_path/Frameworks",
				);
				PRODUCT_BUNDLE_IDENTIFIER = com.app.arinappy.MyBankUITests;
				PRODUCT_NAME = "$(TARGET_NAME)";
				SWIFT_VERSION = 5.0;
				TARGETED_DEVICE_FAMILY = "1,2";
				TEST_TARGET_NAME = MyBank;
			};
			name = Debug;
		};
		0E998D68250F72E900E20395 /* Release */ = {
			isa = XCBuildConfiguration;
			buildSettings = {
				CODE_SIGN_STYLE = Automatic;
				DEVELOPMENT_TEAM = 9D2CDZVV47;
				INFOPLIST_FILE = MyBankUITests/Info.plist;
				LD_RUNPATH_SEARCH_PATHS = (
					"$(inherited)",
					"@executable_path/Frameworks",
					"@loader_path/Frameworks",
				);
				PRODUCT_BUNDLE_IDENTIFIER = com.app.arinappy.MyBankUITests;
				PRODUCT_NAME = "$(TARGET_NAME)";
				SWIFT_VERSION = 5.0;
				TARGETED_DEVICE_FAMILY = "1,2";
				TEST_TARGET_NAME = MyBank;
			};
			name = Release;
		};
/* End XCBuildConfiguration section */

/* Begin XCConfigurationList section */
		0E5B1DD0250C246500A6A724 /* Build configuration list for PBXProject "MyBank" */ = {
			isa = XCConfigurationList;
			buildConfigurations = (
				0E5B1DF2250C246700A6A724 /* Debug */,
				0E5B1DF3250C246700A6A724 /* Release */,
			);
			defaultConfigurationIsVisible = 0;
			defaultConfigurationName = Release;
		};
		0E5B1DF4250C246700A6A724 /* Build configuration list for PBXNativeTarget "MyBank" */ = {
			isa = XCConfigurationList;
			buildConfigurations = (
				0E5B1DF5250C246700A6A724 /* Debug */,
				0E5B1DF6250C246700A6A724 /* Release */,
			);
			defaultConfigurationIsVisible = 0;
			defaultConfigurationName = Release;
		};
		0E5B1DF7250C246700A6A724 /* Build configuration list for PBXNativeTarget "MyBankTests" */ = {
			isa = XCConfigurationList;
			buildConfigurations = (
				0E5B1DF8250C246700A6A724 /* Debug */,
				0E5B1DF9250C246700A6A724 /* Release */,
			);
			defaultConfigurationIsVisible = 0;
			defaultConfigurationName = Release;
		};
		0E998D66250F72E900E20395 /* Build configuration list for PBXNativeTarget "MyBankUITests" */ = {
			isa = XCConfigurationList;
			buildConfigurations = (
				0E998D67250F72E900E20395 /* Debug */,
				0E998D68250F72E900E20395 /* Release */,
			);
			defaultConfigurationIsVisible = 0;
			defaultConfigurationName = Release;
		};
/* End XCConfigurationList section */

/* Begin XCRemoteSwiftPackageReference section */
		0EA6D998250EF3150086DCB7 /* XCRemoteSwiftPackageReference "Quick" */ = {
			isa = XCRemoteSwiftPackageReference;
			repositoryURL = "https://github.com/Quick/Quick.git";
			requirement = {
				kind = upToNextMajorVersion;
				minimumVersion = 3.0.0;
			};
		};
		0EA6D99B250EF3530086DCB7 /* XCRemoteSwiftPackageReference "Nimble" */ = {
			isa = XCRemoteSwiftPackageReference;
			repositoryURL = "https://github.com/Quick/Nimble.git";
			requirement = {
				kind = upToNextMajorVersion;
				minimumVersion = 8.1.2;
			};
		};
/* End XCRemoteSwiftPackageReference section */

/* Begin XCSwiftPackageProductDependency section */
		0EA6D999250EF3150086DCB7 /* Quick */ = {
			isa = XCSwiftPackageProductDependency;
			package = 0EA6D998250EF3150086DCB7 /* XCRemoteSwiftPackageReference "Quick" */;
			productName = Quick;
		};
		0EA6D99C250EF3530086DCB7 /* Nimble */ = {
			isa = XCSwiftPackageProductDependency;
			package = 0EA6D99B250EF3530086DCB7 /* XCRemoteSwiftPackageReference "Nimble" */;
			productName = Nimble;
		};
/* End XCSwiftPackageProductDependency section */
	};
	rootObject = 0E5B1DCD250C246500A6A724 /* Project object */;
}
